// !$*UTF8*$!
{
	archiveVersion = 1;
	classes = {
	};
	objectVersion = 50;
	objects = {

/* Begin PBXBuildFile section */
		91CC03E12285FE5700DE80DA /* Utilities.swift in Sources */ = {isa = PBXBuildFile; fileRef = 91CC03E02285FE5700DE80DA /* Utilities.swift */; };
		91CC03E3228620DC00DE80DA /* AppSettings.swift in Sources */ = {isa = PBXBuildFile; fileRef = 91CC03E2228620DC00DE80DA /* AppSettings.swift */; };
		91CC03E6228623D000DE80DA /* LocationHelper.swift in Sources */ = {isa = PBXBuildFile; fileRef = 91CC03E5228623D000DE80DA /* LocationHelper.swift */; };
		91CC03E8228646A300DE80DA /* airport.png in Resources */ = {isa = PBXBuildFile; fileRef = 91CC03E7228646A300DE80DA /* airport.png */; };
		91FC866D2284F190002E204C /* AllowPushViewController.swift in Sources */ = {isa = PBXBuildFile; fileRef = 91FC866B2284F190002E204C /* AllowPushViewController.swift */; };
		91FC866E2284F190002E204C /* AllowPushViewController.xib in Resources */ = {isa = PBXBuildFile; fileRef = 91FC866C2284F190002E204C /* AllowPushViewController.xib */; };
		91FC86712284F1B7002E204C /* PickAirportViewController.swift in Sources */ = {isa = PBXBuildFile; fileRef = 91FC866F2284F1B7002E204C /* PickAirportViewController.swift */; };
		91FC86722284F1B7002E204C /* PickAirportViewController.xib in Resources */ = {isa = PBXBuildFile; fileRef = 91FC86702284F1B7002E204C /* PickAirportViewController.xib */; };
		91FC86742284FA8A002E204C /* OnboardingViewController.swift in Sources */ = {isa = PBXBuildFile; fileRef = 91FC86732284FA8A002E204C /* OnboardingViewController.swift */; };
		BF0AAB4F2262E1B100506592 /* InfiniteCollectionView.swift in Sources */ = {isa = PBXBuildFile; fileRef = BF0AAB4E2262E1B100506592 /* InfiniteCollectionView.swift */; };
		BF0AAB512262E34C00506592 /* UIColor.swift in Sources */ = {isa = PBXBuildFile; fileRef = BF0AAB502262E34C00506592 /* UIColor.swift */; };
		BF0AAB532262E66C00506592 /* OffsetIndexableSequence.swift in Sources */ = {isa = PBXBuildFile; fileRef = BF0AAB522262E66C00506592 /* OffsetIndexableSequence.swift */; };
		BF0AAB552262E6A100506592 /* OffsetIndexableCollection.swift in Sources */ = {isa = PBXBuildFile; fileRef = BF0AAB542262E6A100506592 /* OffsetIndexableCollection.swift */; };
		BF0AAB582262EAA500506592 /* LogoView.swift in Sources */ = {isa = PBXBuildFile; fileRef = BF0AAB572262EAA500506592 /* LogoView.swift */; };
		BF3AED352275776F0058B5CB /* LoginViewController.swift in Sources */ = {isa = PBXBuildFile; fileRef = BF3AED332275776F0058B5CB /* LoginViewController.swift */; };
		BF3AED362275776F0058B5CB /* LoginViewController.xib in Resources */ = {isa = PBXBuildFile; fileRef = BF3AED342275776F0058B5CB /* LoginViewController.xib */; };
		BF4C3D44225F0FDE0091FF27 /* FeedPresenter.swift in Sources */ = {isa = PBXBuildFile; fileRef = BF4C3D43225F0FDE0091FF27 /* FeedPresenter.swift */; };
		BF4C3D46225F102E0091FF27 /* Presenter.swift in Sources */ = {isa = PBXBuildFile; fileRef = BF4C3D45225F102E0091FF27 /* Presenter.swift */; };
		BF51EB9622628240001E1017 /* BaseViewController.swift in Sources */ = {isa = PBXBuildFile; fileRef = BF51EB9522628240001E1017 /* BaseViewController.swift */; };
		BF51EB9D226284A5001E1017 /* EntryCollectionViewCell.swift in Sources */ = {isa = PBXBuildFile; fileRef = BF51EB9B226284A5001E1017 /* EntryCollectionViewCell.swift */; };
		BF51EB9E226284A5001E1017 /* EntryCollectionViewCell.xib in Resources */ = {isa = PBXBuildFile; fileRef = BF51EB9C226284A5001E1017 /* EntryCollectionViewCell.xib */; };
		BF51EBA022628620001E1017 /* EntryCollectionViewDataSource.swift in Sources */ = {isa = PBXBuildFile; fileRef = BF51EB9F22628620001E1017 /* EntryCollectionViewDataSource.swift */; };
		BF51EBA3226289AC001E1017 /* EntryCollectionViewDelegate.swift in Sources */ = {isa = PBXBuildFile; fileRef = BF51EBA2226289AC001E1017 /* EntryCollectionViewDelegate.swift */; };
		BF51EBA522628D63001E1017 /* GradientView.swift in Sources */ = {isa = PBXBuildFile; fileRef = BF51EBA422628D63001E1017 /* GradientView.swift */; };
		BF51EBA82262A2CF001E1017 /* StringExtensions.swift in Sources */ = {isa = PBXBuildFile; fileRef = BF51EBA72262A2CF001E1017 /* StringExtensions.swift */; };
		BF51EBAA2262C0D8001E1017 /* UIImageViewExtensions.swift in Sources */ = {isa = PBXBuildFile; fileRef = BF51EBA92262C0D8001E1017 /* UIImageViewExtensions.swift */; };
		BF53985622642B6400587CAE /* LogoView.xib in Resources */ = {isa = PBXBuildFile; fileRef = BF53985522642B6400587CAE /* LogoView.xib */; };
		BF53985A22643F9300587CAE /* SpalshScreenViewController.swift in Sources */ = {isa = PBXBuildFile; fileRef = BF53985822643F9300587CAE /* SpalshScreenViewController.swift */; };
		BF54E09F225DABD200574817 /* DateSpec.swift in Sources */ = {isa = PBXBuildFile; fileRef = BF54E034225DABD100574817 /* DateSpec.swift */; };
		BF54E0A0225DABD200574817 /* RFC3339DateFormatter.swift in Sources */ = {isa = PBXBuildFile; fileRef = BF54E035225DABD100574817 /* RFC3339DateFormatter.swift */; };
		BF54E0A1225DABD200574817 /* RFC822DateFormatter.swift in Sources */ = {isa = PBXBuildFile; fileRef = BF54E036225DABD100574817 /* RFC822DateFormatter.swift */; };
		BF54E0A2225DABD200574817 /* ISO8601DateFormatter.swift in Sources */ = {isa = PBXBuildFile; fileRef = BF54E037225DABD100574817 /* ISO8601DateFormatter.swift */; };
		BF54E0A3225DABD200574817 /* AtomFeedGenerator.swift in Sources */ = {isa = PBXBuildFile; fileRef = BF54E03A225DABD100574817 /* AtomFeedGenerator.swift */; };
		BF54E0A4225DABD200574817 /* AtomFeedEntryContent.swift in Sources */ = {isa = PBXBuildFile; fileRef = BF54E03B225DABD100574817 /* AtomFeedEntryContent.swift */; };
		BF54E0A5225DABD200574817 /* AtomFeed.swift in Sources */ = {isa = PBXBuildFile; fileRef = BF54E03C225DABD100574817 /* AtomFeed.swift */; };
		BF54E0A6225DABD200574817 /* AtomFeedEntryContributor.swift in Sources */ = {isa = PBXBuildFile; fileRef = BF54E03D225DABD100574817 /* AtomFeedEntryContributor.swift */; };
		BF54E0A7225DABD200574817 /* AtomFeedEntryCategory.swift in Sources */ = {isa = PBXBuildFile; fileRef = BF54E03E225DABD100574817 /* AtomFeedEntryCategory.swift */; };
		BF54E0A8225DABD200574817 /* AtomFeedContributor.swift in Sources */ = {isa = PBXBuildFile; fileRef = BF54E03F225DABD100574817 /* AtomFeedContributor.swift */; };
		BF54E0A9225DABD200574817 /* AtomFeedCategory.swift in Sources */ = {isa = PBXBuildFile; fileRef = BF54E040225DABD100574817 /* AtomFeedCategory.swift */; };
		BF54E0AA225DABD200574817 /* AtomFeedEntrySummary.swift in Sources */ = {isa = PBXBuildFile; fileRef = BF54E041225DABD100574817 /* AtomFeedEntrySummary.swift */; };
		BF54E0AB225DABD200574817 /* AtomPath.swift in Sources */ = {isa = PBXBuildFile; fileRef = BF54E042225DABD100574817 /* AtomPath.swift */; };
		BF54E0AC225DABD200574817 /* AtomFeedAuthor.swift in Sources */ = {isa = PBXBuildFile; fileRef = BF54E043225DABD100574817 /* AtomFeedAuthor.swift */; };
		BF54E0AD225DABD200574817 /* AtomFeed + mapCharacters.swift in Sources */ = {isa = PBXBuildFile; fileRef = BF54E044225DABD100574817 /* AtomFeed + mapCharacters.swift */; };
		BF54E0AE225DABD200574817 /* AtomFeedEntrySource.swift in Sources */ = {isa = PBXBuildFile; fileRef = BF54E045225DABD100574817 /* AtomFeedEntrySource.swift */; };
		BF54E0AF225DABD200574817 /* AtomFeedLink.swift in Sources */ = {isa = PBXBuildFile; fileRef = BF54E046225DABD100574817 /* AtomFeedLink.swift */; };
		BF54E0B0225DABD200574817 /* AtomFeedEntryAuthor.swift in Sources */ = {isa = PBXBuildFile; fileRef = BF54E047225DABD100574817 /* AtomFeedEntryAuthor.swift */; };
		BF54E0B1225DABD200574817 /* AtomFeedEntryLink.swift in Sources */ = {isa = PBXBuildFile; fileRef = BF54E048225DABD100574817 /* AtomFeedEntryLink.swift */; };
		BF54E0B2225DABD200574817 /* AtomFeed + mapAttributes.swift in Sources */ = {isa = PBXBuildFile; fileRef = BF54E049225DABD100574817 /* AtomFeed + mapAttributes.swift */; };
		BF54E0B3225DABD200574817 /* AtomFeedSubtitle.swift in Sources */ = {isa = PBXBuildFile; fileRef = BF54E04A225DABD100574817 /* AtomFeedSubtitle.swift */; };
		BF54E0B4225DABD200574817 /* AtomFeedEntry.swift in Sources */ = {isa = PBXBuildFile; fileRef = BF54E04B225DABD100574817 /* AtomFeedEntry.swift */; };
		BF54E0B5225DABD200574817 /* RSSFeed + mapCharacters.swift in Sources */ = {isa = PBXBuildFile; fileRef = BF54E04D225DABD100574817 /* RSSFeed + mapCharacters.swift */; };
		BF54E0B6225DABD200574817 /* RSSFeedCategory.swift in Sources */ = {isa = PBXBuildFile; fileRef = BF54E04E225DABD100574817 /* RSSFeedCategory.swift */; };
		BF54E0B7225DABD200574817 /* RDFPath.swift in Sources */ = {isa = PBXBuildFile; fileRef = BF54E04F225DABD100574817 /* RDFPath.swift */; };
		BF54E0B8225DABD200574817 /* RSSFeedItem.swift in Sources */ = {isa = PBXBuildFile; fileRef = BF54E050225DABD100574817 /* RSSFeedItem.swift */; };
		BF54E0B9225DABD200574817 /* RSSFeed + mapAttributes.swift in Sources */ = {isa = PBXBuildFile; fileRef = BF54E051225DABD100574817 /* RSSFeed + mapAttributes.swift */; };
		BF54E0BA225DABD200574817 /* RSSFeedImage.swift in Sources */ = {isa = PBXBuildFile; fileRef = BF54E052225DABD100574817 /* RSSFeedImage.swift */; };
		BF54E0BB225DABD200574817 /* RSSFeedSkipDay.swift in Sources */ = {isa = PBXBuildFile; fileRef = BF54E053225DABD100574817 /* RSSFeedSkipDay.swift */; };
		BF54E0BC225DABD200574817 /* RSSFeedItemGUID.swift in Sources */ = {isa = PBXBuildFile; fileRef = BF54E054225DABD100574817 /* RSSFeedItemGUID.swift */; };
		BF54E0BD225DABD200574817 /* RSSFeedSkipHour.swift in Sources */ = {isa = PBXBuildFile; fileRef = BF54E055225DABD100574817 /* RSSFeedSkipHour.swift */; };
		BF54E0BE225DABD200574817 /* RSSFeedCloud.swift in Sources */ = {isa = PBXBuildFile; fileRef = BF54E056225DABD100574817 /* RSSFeedCloud.swift */; };
		BF54E0BF225DABD200574817 /* RSSFeedItemCategory.swift in Sources */ = {isa = PBXBuildFile; fileRef = BF54E057225DABD100574817 /* RSSFeedItemCategory.swift */; };
		BF54E0C0225DABD200574817 /* RSSPath.swift in Sources */ = {isa = PBXBuildFile; fileRef = BF54E058225DABD100574817 /* RSSPath.swift */; };
		BF54E0C1225DABD200574817 /* RSSFeedTextInput.swift in Sources */ = {isa = PBXBuildFile; fileRef = BF54E059225DABD100574817 /* RSSFeedTextInput.swift */; };
		BF54E0C2225DABD200574817 /* RSSFeedItemEnclosure.swift in Sources */ = {isa = PBXBuildFile; fileRef = BF54E05A225DABD100574817 /* RSSFeedItemEnclosure.swift */; };
		BF54E0C3225DABD200574817 /* RSSFeedItemSource.swift in Sources */ = {isa = PBXBuildFile; fileRef = BF54E05B225DABD100574817 /* RSSFeedItemSource.swift */; };
		BF54E0C4225DABD200574817 /* RSSFeed.swift in Sources */ = {isa = PBXBuildFile; fileRef = BF54E05C225DABD100574817 /* RSSFeed.swift */; };
		BF54E0C5225DABD200574817 /* SyndicationUpdatePeriod.swift in Sources */ = {isa = PBXBuildFile; fileRef = BF54E05F225DABD100574817 /* SyndicationUpdatePeriod.swift */; };
		BF54E0C6225DABD200574817 /* SyndicationNamespace.swift in Sources */ = {isa = PBXBuildFile; fileRef = BF54E060225DABD100574817 /* SyndicationNamespace.swift */; };
		BF54E0C7225DABD200574817 /* iTunesCategory.swift in Sources */ = {isa = PBXBuildFile; fileRef = BF54E062225DABD100574817 /* iTunesCategory.swift */; };
		BF54E0C8225DABD200574817 /* iTunesImage.swift in Sources */ = {isa = PBXBuildFile; fileRef = BF54E063225DABD100574817 /* iTunesImage.swift */; };
		BF54E0C9225DABD200574817 /* iTunesNamespace.swift in Sources */ = {isa = PBXBuildFile; fileRef = BF54E064225DABD100574817 /* iTunesNamespace.swift */; };
		BF54E0CA225DABD200574817 /* iTunesSubCategory.swift in Sources */ = {isa = PBXBuildFile; fileRef = BF54E065225DABD100574817 /* iTunesSubCategory.swift */; };
		BF54E0CB225DABD200574817 /* iTunesOwner.swift in Sources */ = {isa = PBXBuildFile; fileRef = BF54E066225DABD100574817 /* iTunesOwner.swift */; };
		BF54E0CC225DABD200574817 /* ContentNamespace.swift in Sources */ = {isa = PBXBuildFile; fileRef = BF54E068225DABD100574817 /* ContentNamespace.swift */; };
		BF54E0CD225DABD200574817 /* DublinCoreNamespace.swift in Sources */ = {isa = PBXBuildFile; fileRef = BF54E06A225DABD100574817 /* DublinCoreNamespace.swift */; };
		BF54E0CE225DABD200574817 /* MediaLicence.swift in Sources */ = {isa = PBXBuildFile; fileRef = BF54E06C225DABD100574817 /* MediaLicence.swift */; };
		BF54E0CF225DABD200574817 /* MediaCredit.swift in Sources */ = {isa = PBXBuildFile; fileRef = BF54E06D225DABD100574817 /* MediaCredit.swift */; };
		BF54E0D0225DABD200574817 /* MediaHash.swift in Sources */ = {isa = PBXBuildFile; fileRef = BF54E06E225DABD100574817 /* MediaHash.swift */; };
		BF54E0D1225DABD200574817 /* MediaTitle.swift in Sources */ = {isa = PBXBuildFile; fileRef = BF54E06F225DABD100574817 /* MediaTitle.swift */; };
		BF54E0D2225DABD200574817 /* MediaNamespace.swift in Sources */ = {isa = PBXBuildFile; fileRef = BF54E070225DABD100574817 /* MediaNamespace.swift */; };
		BF54E0D3225DABD200574817 /* MediaRating.swift in Sources */ = {isa = PBXBuildFile; fileRef = BF54E071225DABD100574817 /* MediaRating.swift */; };
		BF54E0D4225DABD200574817 /* MediaRights.swift in Sources */ = {isa = PBXBuildFile; fileRef = BF54E072225DABD100574817 /* MediaRights.swift */; };
		BF54E0D5225DABD200574817 /* MediaContent.swift in Sources */ = {isa = PBXBuildFile; fileRef = BF54E073225DABD100574817 /* MediaContent.swift */; };
		BF54E0D6225DABD200574817 /* MediaTag.swift in Sources */ = {isa = PBXBuildFile; fileRef = BF54E074225DABD100574817 /* MediaTag.swift */; };
		BF54E0D7225DABD200574817 /* MediaSubTitle.swift in Sources */ = {isa = PBXBuildFile; fileRef = BF54E075225DABD100574817 /* MediaSubTitle.swift */; };
		BF54E0D8225DABD200574817 /* MediaLocation.swift in Sources */ = {isa = PBXBuildFile; fileRef = BF54E076225DABD100574817 /* MediaLocation.swift */; };
		BF54E0D9225DABD200574817 /* MediaGroup.swift in Sources */ = {isa = PBXBuildFile; fileRef = BF54E077225DABD100574817 /* MediaGroup.swift */; };
		BF54E0DA225DABD200574817 /* MediaCommunity.swift in Sources */ = {isa = PBXBuildFile; fileRef = BF54E078225DABD100574817 /* MediaCommunity.swift */; };
		BF54E0DB225DABD200574817 /* MediaPrice.swift in Sources */ = {isa = PBXBuildFile; fileRef = BF54E079225DABD100574817 /* MediaPrice.swift */; };
		BF54E0DC225DABD200574817 /* MediaPeerLink.swift in Sources */ = {isa = PBXBuildFile; fileRef = BF54E07A225DABD100574817 /* MediaPeerLink.swift */; };
		BF54E0DD225DABD200574817 /* MediaCopyright.swift in Sources */ = {isa = PBXBuildFile; fileRef = BF54E07B225DABD100574817 /* MediaCopyright.swift */; };
		BF54E0DE225DABD200574817 /* MediaRestriction.swift in Sources */ = {isa = PBXBuildFile; fileRef = BF54E07C225DABD100574817 /* MediaRestriction.swift */; };
		BF54E0DF225DABD200574817 /* MediaDescription.swift in Sources */ = {isa = PBXBuildFile; fileRef = BF54E07D225DABD100574817 /* MediaDescription.swift */; };
		BF54E0E0225DABD200574817 /* MediaParam.swift in Sources */ = {isa = PBXBuildFile; fileRef = BF54E07E225DABD100574817 /* MediaParam.swift */; };
		BF54E0E1225DABD200574817 /* MediaScene.swift in Sources */ = {isa = PBXBuildFile; fileRef = BF54E07F225DABD100574817 /* MediaScene.swift */; };
		BF54E0E2225DABD200574817 /* MediaStatistics.swift in Sources */ = {isa = PBXBuildFile; fileRef = BF54E080225DABD100574817 /* MediaStatistics.swift */; };
		BF54E0E3225DABD200574817 /* MediaEmbed.swift in Sources */ = {isa = PBXBuildFile; fileRef = BF54E081225DABD100574817 /* MediaEmbed.swift */; };
		BF54E0E4225DABD200574817 /* MediaText.swift in Sources */ = {isa = PBXBuildFile; fileRef = BF54E082225DABD100574817 /* MediaText.swift */; };
		BF54E0E5225DABD200574817 /* MediaCategory.swift in Sources */ = {isa = PBXBuildFile; fileRef = BF54E083225DABD100574817 /* MediaCategory.swift */; };
		BF54E0E6225DABD200574817 /* MediaStatus.swift in Sources */ = {isa = PBXBuildFile; fileRef = BF54E084225DABD100574817 /* MediaStatus.swift */; };
		BF54E0E7225DABD200574817 /* MediaStarRating.swift in Sources */ = {isa = PBXBuildFile; fileRef = BF54E085225DABD100574817 /* MediaStarRating.swift */; };
		BF54E0E8225DABD200574817 /* MediaThumbnail.swift in Sources */ = {isa = PBXBuildFile; fileRef = BF54E086225DABD100574817 /* MediaThumbnail.swift */; };
		BF54E0E9225DABD200574817 /* MediaPlayer.swift in Sources */ = {isa = PBXBuildFile; fileRef = BF54E087225DABD100574817 /* MediaPlayer.swift */; };
		BF54E0EA225DABD200574817 /* JSONFeed.swift in Sources */ = {isa = PBXBuildFile; fileRef = BF54E089225DABD100574817 /* JSONFeed.swift */; };
		BF54E0EB225DABD200574817 /* JSONFeedAttachment.swift in Sources */ = {isa = PBXBuildFile; fileRef = BF54E08A225DABD100574817 /* JSONFeedAttachment.swift */; };
		BF54E0EC225DABD200574817 /* JSONFeedHub.swift in Sources */ = {isa = PBXBuildFile; fileRef = BF54E08B225DABD100574817 /* JSONFeedHub.swift */; };
		BF54E0ED225DABD200574817 /* JSONFeedItem.swift in Sources */ = {isa = PBXBuildFile; fileRef = BF54E08C225DABD100574817 /* JSONFeedItem.swift */; };
		BF54E0EE225DABD200574817 /* JSONFeedAuthor.swift in Sources */ = {isa = PBXBuildFile; fileRef = BF54E08D225DABD100574817 /* JSONFeedAuthor.swift */; };
		BF54E0EF225DABD200574817 /* FeedDataType.swift in Sources */ = {isa = PBXBuildFile; fileRef = BF54E08F225DABD100574817 /* FeedDataType.swift */; };
		BF54E0F0225DABD200574817 /* XMLFeedType.swift in Sources */ = {isa = PBXBuildFile; fileRef = BF54E090225DABD100574817 /* XMLFeedType.swift */; };
		BF54E0F1225DABD200574817 /* ParserError.swift in Sources */ = {isa = PBXBuildFile; fileRef = BF54E091225DABD100574817 /* ParserError.swift */; };
		BF54E0F2225DABD200574817 /* JSONFeedParser.swift in Sources */ = {isa = PBXBuildFile; fileRef = BF54E092225DABD100574817 /* JSONFeedParser.swift */; };
		BF54E0F3225DABD200574817 /* Result.swift in Sources */ = {isa = PBXBuildFile; fileRef = BF54E093225DABD100574817 /* Result.swift */; };
		BF54E0F4225DABD200574817 /* FeedParser.swift in Sources */ = {isa = PBXBuildFile; fileRef = BF54E094225DABD100574817 /* FeedParser.swift */; };
		BF54E0F5225DABD200574817 /* XMLFeedParser.swift in Sources */ = {isa = PBXBuildFile; fileRef = BF54E095225DABD100574817 /* XMLFeedParser.swift */; };
		BF54E0F6225DABD200574817 /* FeedParserProtocol.swift in Sources */ = {isa = PBXBuildFile; fileRef = BF54E096225DABD100574817 /* FeedParserProtocol.swift */; };
		BF54E0F7225DABD200574817 /* URL + replacingScheme.swift in Sources */ = {isa = PBXBuildFile; fileRef = BF54E098225DABD100574817 /* URL + replacingScheme.swift */; };
		BF54E0F8225DABD200574817 /* String + toDuration.swift in Sources */ = {isa = PBXBuildFile; fileRef = BF54E099225DABD100574817 /* String + toDuration.swift */; };
		BF54E0F9225DABD200574817 /* Array + Equatable.swift in Sources */ = {isa = PBXBuildFile; fileRef = BF54E09A225DABD100574817 /* Array + Equatable.swift */; };
		BF54E0FA225DABD200574817 /* Date + codingStrategy.swift in Sources */ = {isa = PBXBuildFile; fileRef = BF54E09B225DABD100574817 /* Date + codingStrategy.swift */; };
		BF54E0FB225DABD200574817 /* String + toDate.swift in Sources */ = {isa = PBXBuildFile; fileRef = BF54E09C225DABD100574817 /* String + toDate.swift */; };
		BF54E0FC225DABD200574817 /* String + toBool.swift in Sources */ = {isa = PBXBuildFile; fileRef = BF54E09D225DABD100574817 /* String + toBool.swift */; };
		BFB49AA8225D847E0098F830 /* AppDelegate.swift in Sources */ = {isa = PBXBuildFile; fileRef = BFB49AA7225D847E0098F830 /* AppDelegate.swift */; };
		BFB49AAA225D847E0098F830 /* ViewController.swift in Sources */ = {isa = PBXBuildFile; fileRef = BFB49AA9225D847E0098F830 /* ViewController.swift */; };
		BFB49AAD225D847E0098F830 /* Main.storyboard in Resources */ = {isa = PBXBuildFile; fileRef = BFB49AAB225D847E0098F830 /* Main.storyboard */; };
		BFB49AAF225D84810098F830 /* Assets.xcassets in Resources */ = {isa = PBXBuildFile; fileRef = BFB49AAE225D84810098F830 /* Assets.xcassets */; };
		BFB49ABD225D84810098F830 /* YDealsTests.swift in Sources */ = {isa = PBXBuildFile; fileRef = BFB49ABC225D84810098F830 /* YDealsTests.swift */; };
		BFB49AC8225D84810098F830 /* YDealsUITests.swift in Sources */ = {isa = PBXBuildFile; fileRef = BFB49AC7225D84810098F830 /* YDealsUITests.swift */; };
		BFB49AD7225D84CF0098F830 /* TravelDeal.swift in Sources */ = {isa = PBXBuildFile; fileRef = BFB49AD6225D84CF0098F830 /* TravelDeal.swift */; };
		BFB49AD9225D85410098F830 /* Feed.swift in Sources */ = {isa = PBXBuildFile; fileRef = BFB49AD8225D85410098F830 /* Feed.swift */; };
		BFB49ADB225D85550098F830 /* FeedEntry.swift in Sources */ = {isa = PBXBuildFile; fileRef = BFB49ADA225D85550098F830 /* FeedEntry.swift */; };
		BFB49ADE225D8BC50098F830 /* Serialization.swift in Sources */ = {isa = PBXBuildFile; fileRef = BFB49ADD225D8BC50098F830 /* Serialization.swift */; };
		BFB49AE8225D98240098F830 /* Parser.swift in Sources */ = {isa = PBXBuildFile; fileRef = BFB49AE7225D98240098F830 /* Parser.swift */; };
		BFB49AEA225D98E90098F830 /* FeedkitParser.swift in Sources */ = {isa = PBXBuildFile; fileRef = BFB49AE9225D98E90098F830 /* FeedkitParser.swift */; };
		BFD4398C2264621B0009FFA0 /* SpalshScreen.storyboard in Resources */ = {isa = PBXBuildFile; fileRef = BFD4398B2264621B0009FFA0 /* SpalshScreen.storyboard */; };
		BFD4398E2264642D0009FFA0 /* Launch Screen.storyboard in Resources */ = {isa = PBXBuildFile; fileRef = BFD4398D2264642D0009FFA0 /* Launch Screen.storyboard */; };
		BFDF92E12262FC13009076C8 /* EntryDetailsViewController.swift in Sources */ = {isa = PBXBuildFile; fileRef = BFDF92DF2262FC13009076C8 /* EntryDetailsViewController.swift */; };
		BFDF92E22262FC13009076C8 /* EntryDetailsViewController.xib in Resources */ = {isa = PBXBuildFile; fileRef = BFDF92E02262FC13009076C8 /* EntryDetailsViewController.xib */; };
		BFDF92E422631343009076C8 /* WebKit.framework in Frameworks */ = {isa = PBXBuildFile; fileRef = BFDF92E322631343009076C8 /* WebKit.framework */; };
		BFDF92E82263DD0A009076C8 /* CustomActivityIndicatorView.swift in Sources */ = {isa = PBXBuildFile; fileRef = BFDF92E72263DD0A009076C8 /* CustomActivityIndicatorView.swift */; };
		BFDF92EA2263DD25009076C8 /* CustomActivityIndicatorView.xib in Resources */ = {isa = PBXBuildFile; fileRef = BFDF92E92263DD25009076C8 /* CustomActivityIndicatorView.xib */; };
		BFDF92EE2263FFB7009076C8 /* HtmlTemplate.html in Resources */ = {isa = PBXBuildFile; fileRef = BFDF92EC2263FCD8009076C8 /* HtmlTemplate.html */; };
/* End PBXBuildFile section */

/* Begin PBXContainerItemProxy section */
		BFB49AB9225D84810098F830 /* PBXContainerItemProxy */ = {
			isa = PBXContainerItemProxy;
			containerPortal = BFB49A9C225D847E0098F830 /* Project object */;
			proxyType = 1;
			remoteGlobalIDString = BFB49AA3225D847E0098F830;
			remoteInfo = YDeals;
		};
		BFB49AC4225D84810098F830 /* PBXContainerItemProxy */ = {
			isa = PBXContainerItemProxy;
			containerPortal = BFB49A9C225D847E0098F830 /* Project object */;
			proxyType = 1;
			remoteGlobalIDString = BFB49AA3225D847E0098F830;
			remoteInfo = YDeals;
		};
/* End PBXContainerItemProxy section */

/* Begin PBXFileReference section */
		91CC03E02285FE5700DE80DA /* Utilities.swift */ = {isa = PBXFileReference; lastKnownFileType = sourcecode.swift; path = Utilities.swift; sourceTree = "<group>"; };
		91CC03E2228620DC00DE80DA /* AppSettings.swift */ = {isa = PBXFileReference; lastKnownFileType = sourcecode.swift; path = AppSettings.swift; sourceTree = "<group>"; };
		91CC03E5228623D000DE80DA /* LocationHelper.swift */ = {isa = PBXFileReference; lastKnownFileType = sourcecode.swift; path = LocationHelper.swift; sourceTree = "<group>"; };
		91CC03E7228646A300DE80DA /* airport.png */ = {isa = PBXFileReference; lastKnownFileType = image.png; path = airport.png; sourceTree = "<group>"; };
		91FC866B2284F190002E204C /* AllowPushViewController.swift */ = {isa = PBXFileReference; lastKnownFileType = sourcecode.swift; path = AllowPushViewController.swift; sourceTree = "<group>"; };
		91FC866C2284F190002E204C /* AllowPushViewController.xib */ = {isa = PBXFileReference; lastKnownFileType = file.xib; path = AllowPushViewController.xib; sourceTree = "<group>"; };
		91FC866F2284F1B7002E204C /* PickAirportViewController.swift */ = {isa = PBXFileReference; lastKnownFileType = sourcecode.swift; path = PickAirportViewController.swift; sourceTree = "<group>"; };
		91FC86702284F1B7002E204C /* PickAirportViewController.xib */ = {isa = PBXFileReference; lastKnownFileType = file.xib; path = PickAirportViewController.xib; sourceTree = "<group>"; };
		91FC86732284FA8A002E204C /* OnboardingViewController.swift */ = {isa = PBXFileReference; lastKnownFileType = sourcecode.swift; path = OnboardingViewController.swift; sourceTree = "<group>"; };
		BF0AAB4E2262E1B100506592 /* InfiniteCollectionView.swift */ = {isa = PBXFileReference; lastKnownFileType = sourcecode.swift; path = InfiniteCollectionView.swift; sourceTree = "<group>"; };
		BF0AAB502262E34C00506592 /* UIColor.swift */ = {isa = PBXFileReference; lastKnownFileType = sourcecode.swift; path = UIColor.swift; sourceTree = "<group>"; };
		BF0AAB522262E66C00506592 /* OffsetIndexableSequence.swift */ = {isa = PBXFileReference; fileEncoding = 4; lastKnownFileType = sourcecode.swift; path = OffsetIndexableSequence.swift; sourceTree = "<group>"; };
		BF0AAB542262E6A100506592 /* OffsetIndexableCollection.swift */ = {isa = PBXFileReference; fileEncoding = 4; lastKnownFileType = sourcecode.swift; path = OffsetIndexableCollection.swift; sourceTree = "<group>"; };
		BF0AAB572262EAA500506592 /* LogoView.swift */ = {isa = PBXFileReference; lastKnownFileType = sourcecode.swift; path = LogoView.swift; sourceTree = "<group>"; };
		BF3AED332275776F0058B5CB /* LoginViewController.swift */ = {isa = PBXFileReference; lastKnownFileType = sourcecode.swift; path = LoginViewController.swift; sourceTree = "<group>"; };
		BF3AED342275776F0058B5CB /* LoginViewController.xib */ = {isa = PBXFileReference; lastKnownFileType = file.xib; path = LoginViewController.xib; sourceTree = "<group>"; };
		BF4C3D43225F0FDE0091FF27 /* FeedPresenter.swift */ = {isa = PBXFileReference; lastKnownFileType = sourcecode.swift; path = FeedPresenter.swift; sourceTree = "<group>"; };
		BF4C3D45225F102E0091FF27 /* Presenter.swift */ = {isa = PBXFileReference; lastKnownFileType = sourcecode.swift; path = Presenter.swift; sourceTree = "<group>"; };
		BF51EB9522628240001E1017 /* BaseViewController.swift */ = {isa = PBXFileReference; lastKnownFileType = sourcecode.swift; path = BaseViewController.swift; sourceTree = "<group>"; };
		BF51EB9B226284A5001E1017 /* EntryCollectionViewCell.swift */ = {isa = PBXFileReference; lastKnownFileType = sourcecode.swift; path = EntryCollectionViewCell.swift; sourceTree = "<group>"; };
		BF51EB9C226284A5001E1017 /* EntryCollectionViewCell.xib */ = {isa = PBXFileReference; lastKnownFileType = file.xib; path = EntryCollectionViewCell.xib; sourceTree = "<group>"; };
		BF51EB9F22628620001E1017 /* EntryCollectionViewDataSource.swift */ = {isa = PBXFileReference; lastKnownFileType = sourcecode.swift; path = EntryCollectionViewDataSource.swift; sourceTree = "<group>"; };
		BF51EBA2226289AC001E1017 /* EntryCollectionViewDelegate.swift */ = {isa = PBXFileReference; lastKnownFileType = sourcecode.swift; path = EntryCollectionViewDelegate.swift; sourceTree = "<group>"; };
		BF51EBA422628D63001E1017 /* GradientView.swift */ = {isa = PBXFileReference; fileEncoding = 4; lastKnownFileType = sourcecode.swift; path = GradientView.swift; sourceTree = "<group>"; };
		BF51EBA72262A2CF001E1017 /* StringExtensions.swift */ = {isa = PBXFileReference; lastKnownFileType = sourcecode.swift; path = StringExtensions.swift; sourceTree = "<group>"; };
		BF51EBA92262C0D8001E1017 /* UIImageViewExtensions.swift */ = {isa = PBXFileReference; lastKnownFileType = sourcecode.swift; path = UIImageViewExtensions.swift; sourceTree = "<group>"; };
		BF53985522642B6400587CAE /* LogoView.xib */ = {isa = PBXFileReference; lastKnownFileType = file.xib; path = LogoView.xib; sourceTree = "<group>"; };
		BF53985822643F9300587CAE /* SpalshScreenViewController.swift */ = {isa = PBXFileReference; lastKnownFileType = sourcecode.swift; path = SpalshScreenViewController.swift; sourceTree = "<group>"; };
		BF54E034225DABD100574817 /* DateSpec.swift */ = {isa = PBXFileReference; fileEncoding = 4; lastKnownFileType = sourcecode.swift; path = DateSpec.swift; sourceTree = "<group>"; };
		BF54E035225DABD100574817 /* RFC3339DateFormatter.swift */ = {isa = PBXFileReference; fileEncoding = 4; lastKnownFileType = sourcecode.swift; path = RFC3339DateFormatter.swift; sourceTree = "<group>"; };
		BF54E036225DABD100574817 /* RFC822DateFormatter.swift */ = {isa = PBXFileReference; fileEncoding = 4; lastKnownFileType = sourcecode.swift; path = RFC822DateFormatter.swift; sourceTree = "<group>"; };
		BF54E037225DABD100574817 /* ISO8601DateFormatter.swift */ = {isa = PBXFileReference; fileEncoding = 4; lastKnownFileType = sourcecode.swift; path = ISO8601DateFormatter.swift; sourceTree = "<group>"; };
		BF54E03A225DABD100574817 /* AtomFeedGenerator.swift */ = {isa = PBXFileReference; fileEncoding = 4; lastKnownFileType = sourcecode.swift; path = AtomFeedGenerator.swift; sourceTree = "<group>"; };
		BF54E03B225DABD100574817 /* AtomFeedEntryContent.swift */ = {isa = PBXFileReference; fileEncoding = 4; lastKnownFileType = sourcecode.swift; path = AtomFeedEntryContent.swift; sourceTree = "<group>"; };
		BF54E03C225DABD100574817 /* AtomFeed.swift */ = {isa = PBXFileReference; fileEncoding = 4; lastKnownFileType = sourcecode.swift; path = AtomFeed.swift; sourceTree = "<group>"; };
		BF54E03D225DABD100574817 /* AtomFeedEntryContributor.swift */ = {isa = PBXFileReference; fileEncoding = 4; lastKnownFileType = sourcecode.swift; path = AtomFeedEntryContributor.swift; sourceTree = "<group>"; };
		BF54E03E225DABD100574817 /* AtomFeedEntryCategory.swift */ = {isa = PBXFileReference; fileEncoding = 4; lastKnownFileType = sourcecode.swift; path = AtomFeedEntryCategory.swift; sourceTree = "<group>"; };
		BF54E03F225DABD100574817 /* AtomFeedContributor.swift */ = {isa = PBXFileReference; fileEncoding = 4; lastKnownFileType = sourcecode.swift; path = AtomFeedContributor.swift; sourceTree = "<group>"; };
		BF54E040225DABD100574817 /* AtomFeedCategory.swift */ = {isa = PBXFileReference; fileEncoding = 4; lastKnownFileType = sourcecode.swift; path = AtomFeedCategory.swift; sourceTree = "<group>"; };
		BF54E041225DABD100574817 /* AtomFeedEntrySummary.swift */ = {isa = PBXFileReference; fileEncoding = 4; lastKnownFileType = sourcecode.swift; path = AtomFeedEntrySummary.swift; sourceTree = "<group>"; };
		BF54E042225DABD100574817 /* AtomPath.swift */ = {isa = PBXFileReference; fileEncoding = 4; lastKnownFileType = sourcecode.swift; path = AtomPath.swift; sourceTree = "<group>"; };
		BF54E043225DABD100574817 /* AtomFeedAuthor.swift */ = {isa = PBXFileReference; fileEncoding = 4; lastKnownFileType = sourcecode.swift; path = AtomFeedAuthor.swift; sourceTree = "<group>"; };
		BF54E044225DABD100574817 /* AtomFeed + mapCharacters.swift */ = {isa = PBXFileReference; fileEncoding = 4; lastKnownFileType = sourcecode.swift; path = "AtomFeed + mapCharacters.swift"; sourceTree = "<group>"; };
		BF54E045225DABD100574817 /* AtomFeedEntrySource.swift */ = {isa = PBXFileReference; fileEncoding = 4; lastKnownFileType = sourcecode.swift; path = AtomFeedEntrySource.swift; sourceTree = "<group>"; };
		BF54E046225DABD100574817 /* AtomFeedLink.swift */ = {isa = PBXFileReference; fileEncoding = 4; lastKnownFileType = sourcecode.swift; path = AtomFeedLink.swift; sourceTree = "<group>"; };
		BF54E047225DABD100574817 /* AtomFeedEntryAuthor.swift */ = {isa = PBXFileReference; fileEncoding = 4; lastKnownFileType = sourcecode.swift; path = AtomFeedEntryAuthor.swift; sourceTree = "<group>"; };
		BF54E048225DABD100574817 /* AtomFeedEntryLink.swift */ = {isa = PBXFileReference; fileEncoding = 4; lastKnownFileType = sourcecode.swift; path = AtomFeedEntryLink.swift; sourceTree = "<group>"; };
		BF54E049225DABD100574817 /* AtomFeed + mapAttributes.swift */ = {isa = PBXFileReference; fileEncoding = 4; lastKnownFileType = sourcecode.swift; path = "AtomFeed + mapAttributes.swift"; sourceTree = "<group>"; };
		BF54E04A225DABD100574817 /* AtomFeedSubtitle.swift */ = {isa = PBXFileReference; fileEncoding = 4; lastKnownFileType = sourcecode.swift; path = AtomFeedSubtitle.swift; sourceTree = "<group>"; };
		BF54E04B225DABD100574817 /* AtomFeedEntry.swift */ = {isa = PBXFileReference; fileEncoding = 4; lastKnownFileType = sourcecode.swift; path = AtomFeedEntry.swift; sourceTree = "<group>"; };
		BF54E04D225DABD100574817 /* RSSFeed + mapCharacters.swift */ = {isa = PBXFileReference; fileEncoding = 4; lastKnownFileType = sourcecode.swift; path = "RSSFeed + mapCharacters.swift"; sourceTree = "<group>"; };
		BF54E04E225DABD100574817 /* RSSFeedCategory.swift */ = {isa = PBXFileReference; fileEncoding = 4; lastKnownFileType = sourcecode.swift; path = RSSFeedCategory.swift; sourceTree = "<group>"; };
		BF54E04F225DABD100574817 /* RDFPath.swift */ = {isa = PBXFileReference; fileEncoding = 4; lastKnownFileType = sourcecode.swift; path = RDFPath.swift; sourceTree = "<group>"; };
		BF54E050225DABD100574817 /* RSSFeedItem.swift */ = {isa = PBXFileReference; fileEncoding = 4; lastKnownFileType = sourcecode.swift; path = RSSFeedItem.swift; sourceTree = "<group>"; };
		BF54E051225DABD100574817 /* RSSFeed + mapAttributes.swift */ = {isa = PBXFileReference; fileEncoding = 4; lastKnownFileType = sourcecode.swift; path = "RSSFeed + mapAttributes.swift"; sourceTree = "<group>"; };
		BF54E052225DABD100574817 /* RSSFeedImage.swift */ = {isa = PBXFileReference; fileEncoding = 4; lastKnownFileType = sourcecode.swift; path = RSSFeedImage.swift; sourceTree = "<group>"; };
		BF54E053225DABD100574817 /* RSSFeedSkipDay.swift */ = {isa = PBXFileReference; fileEncoding = 4; lastKnownFileType = sourcecode.swift; path = RSSFeedSkipDay.swift; sourceTree = "<group>"; };
		BF54E054225DABD100574817 /* RSSFeedItemGUID.swift */ = {isa = PBXFileReference; fileEncoding = 4; lastKnownFileType = sourcecode.swift; path = RSSFeedItemGUID.swift; sourceTree = "<group>"; };
		BF54E055225DABD100574817 /* RSSFeedSkipHour.swift */ = {isa = PBXFileReference; fileEncoding = 4; lastKnownFileType = sourcecode.swift; path = RSSFeedSkipHour.swift; sourceTree = "<group>"; };
		BF54E056225DABD100574817 /* RSSFeedCloud.swift */ = {isa = PBXFileReference; fileEncoding = 4; lastKnownFileType = sourcecode.swift; path = RSSFeedCloud.swift; sourceTree = "<group>"; };
		BF54E057225DABD100574817 /* RSSFeedItemCategory.swift */ = {isa = PBXFileReference; fileEncoding = 4; lastKnownFileType = sourcecode.swift; path = RSSFeedItemCategory.swift; sourceTree = "<group>"; };
		BF54E058225DABD100574817 /* RSSPath.swift */ = {isa = PBXFileReference; fileEncoding = 4; lastKnownFileType = sourcecode.swift; path = RSSPath.swift; sourceTree = "<group>"; };
		BF54E059225DABD100574817 /* RSSFeedTextInput.swift */ = {isa = PBXFileReference; fileEncoding = 4; lastKnownFileType = sourcecode.swift; path = RSSFeedTextInput.swift; sourceTree = "<group>"; };
		BF54E05A225DABD100574817 /* RSSFeedItemEnclosure.swift */ = {isa = PBXFileReference; fileEncoding = 4; lastKnownFileType = sourcecode.swift; path = RSSFeedItemEnclosure.swift; sourceTree = "<group>"; };
		BF54E05B225DABD100574817 /* RSSFeedItemSource.swift */ = {isa = PBXFileReference; fileEncoding = 4; lastKnownFileType = sourcecode.swift; path = RSSFeedItemSource.swift; sourceTree = "<group>"; };
		BF54E05C225DABD100574817 /* RSSFeed.swift */ = {isa = PBXFileReference; fileEncoding = 4; lastKnownFileType = sourcecode.swift; path = RSSFeed.swift; sourceTree = "<group>"; };
		BF54E05F225DABD100574817 /* SyndicationUpdatePeriod.swift */ = {isa = PBXFileReference; fileEncoding = 4; lastKnownFileType = sourcecode.swift; path = SyndicationUpdatePeriod.swift; sourceTree = "<group>"; };
		BF54E060225DABD100574817 /* SyndicationNamespace.swift */ = {isa = PBXFileReference; fileEncoding = 4; lastKnownFileType = sourcecode.swift; path = SyndicationNamespace.swift; sourceTree = "<group>"; };
		BF54E062225DABD100574817 /* iTunesCategory.swift */ = {isa = PBXFileReference; fileEncoding = 4; lastKnownFileType = sourcecode.swift; path = iTunesCategory.swift; sourceTree = "<group>"; };
		BF54E063225DABD100574817 /* iTunesImage.swift */ = {isa = PBXFileReference; fileEncoding = 4; lastKnownFileType = sourcecode.swift; path = iTunesImage.swift; sourceTree = "<group>"; };
		BF54E064225DABD100574817 /* iTunesNamespace.swift */ = {isa = PBXFileReference; fileEncoding = 4; lastKnownFileType = sourcecode.swift; path = iTunesNamespace.swift; sourceTree = "<group>"; };
		BF54E065225DABD100574817 /* iTunesSubCategory.swift */ = {isa = PBXFileReference; fileEncoding = 4; lastKnownFileType = sourcecode.swift; path = iTunesSubCategory.swift; sourceTree = "<group>"; };
		BF54E066225DABD100574817 /* iTunesOwner.swift */ = {isa = PBXFileReference; fileEncoding = 4; lastKnownFileType = sourcecode.swift; path = iTunesOwner.swift; sourceTree = "<group>"; };
		BF54E068225DABD100574817 /* ContentNamespace.swift */ = {isa = PBXFileReference; fileEncoding = 4; lastKnownFileType = sourcecode.swift; path = ContentNamespace.swift; sourceTree = "<group>"; };
		BF54E06A225DABD100574817 /* DublinCoreNamespace.swift */ = {isa = PBXFileReference; fileEncoding = 4; lastKnownFileType = sourcecode.swift; path = DublinCoreNamespace.swift; sourceTree = "<group>"; };
		BF54E06C225DABD100574817 /* MediaLicence.swift */ = {isa = PBXFileReference; fileEncoding = 4; lastKnownFileType = sourcecode.swift; path = MediaLicence.swift; sourceTree = "<group>"; };
		BF54E06D225DABD100574817 /* MediaCredit.swift */ = {isa = PBXFileReference; fileEncoding = 4; lastKnownFileType = sourcecode.swift; path = MediaCredit.swift; sourceTree = "<group>"; };
		BF54E06E225DABD100574817 /* MediaHash.swift */ = {isa = PBXFileReference; fileEncoding = 4; lastKnownFileType = sourcecode.swift; path = MediaHash.swift; sourceTree = "<group>"; };
		BF54E06F225DABD100574817 /* MediaTitle.swift */ = {isa = PBXFileReference; fileEncoding = 4; lastKnownFileType = sourcecode.swift; path = MediaTitle.swift; sourceTree = "<group>"; };
		BF54E070225DABD100574817 /* MediaNamespace.swift */ = {isa = PBXFileReference; fileEncoding = 4; lastKnownFileType = sourcecode.swift; path = MediaNamespace.swift; sourceTree = "<group>"; };
		BF54E071225DABD100574817 /* MediaRating.swift */ = {isa = PBXFileReference; fileEncoding = 4; lastKnownFileType = sourcecode.swift; path = MediaRating.swift; sourceTree = "<group>"; };
		BF54E072225DABD100574817 /* MediaRights.swift */ = {isa = PBXFileReference; fileEncoding = 4; lastKnownFileType = sourcecode.swift; path = MediaRights.swift; sourceTree = "<group>"; };
		BF54E073225DABD100574817 /* MediaContent.swift */ = {isa = PBXFileReference; fileEncoding = 4; lastKnownFileType = sourcecode.swift; path = MediaContent.swift; sourceTree = "<group>"; };
		BF54E074225DABD100574817 /* MediaTag.swift */ = {isa = PBXFileReference; fileEncoding = 4; lastKnownFileType = sourcecode.swift; path = MediaTag.swift; sourceTree = "<group>"; };
		BF54E075225DABD100574817 /* MediaSubTitle.swift */ = {isa = PBXFileReference; fileEncoding = 4; lastKnownFileType = sourcecode.swift; path = MediaSubTitle.swift; sourceTree = "<group>"; };
		BF54E076225DABD100574817 /* MediaLocation.swift */ = {isa = PBXFileReference; fileEncoding = 4; lastKnownFileType = sourcecode.swift; path = MediaLocation.swift; sourceTree = "<group>"; };
		BF54E077225DABD100574817 /* MediaGroup.swift */ = {isa = PBXFileReference; fileEncoding = 4; lastKnownFileType = sourcecode.swift; path = MediaGroup.swift; sourceTree = "<group>"; };
		BF54E078225DABD100574817 /* MediaCommunity.swift */ = {isa = PBXFileReference; fileEncoding = 4; lastKnownFileType = sourcecode.swift; path = MediaCommunity.swift; sourceTree = "<group>"; };
		BF54E079225DABD100574817 /* MediaPrice.swift */ = {isa = PBXFileReference; fileEncoding = 4; lastKnownFileType = sourcecode.swift; path = MediaPrice.swift; sourceTree = "<group>"; };
		BF54E07A225DABD100574817 /* MediaPeerLink.swift */ = {isa = PBXFileReference; fileEncoding = 4; lastKnownFileType = sourcecode.swift; path = MediaPeerLink.swift; sourceTree = "<group>"; };
		BF54E07B225DABD100574817 /* MediaCopyright.swift */ = {isa = PBXFileReference; fileEncoding = 4; lastKnownFileType = sourcecode.swift; path = MediaCopyright.swift; sourceTree = "<group>"; };
		BF54E07C225DABD100574817 /* MediaRestriction.swift */ = {isa = PBXFileReference; fileEncoding = 4; lastKnownFileType = sourcecode.swift; path = MediaRestriction.swift; sourceTree = "<group>"; };
		BF54E07D225DABD100574817 /* MediaDescription.swift */ = {isa = PBXFileReference; fileEncoding = 4; lastKnownFileType = sourcecode.swift; path = MediaDescription.swift; sourceTree = "<group>"; };
		BF54E07E225DABD100574817 /* MediaParam.swift */ = {isa = PBXFileReference; fileEncoding = 4; lastKnownFileType = sourcecode.swift; path = MediaParam.swift; sourceTree = "<group>"; };
		BF54E07F225DABD100574817 /* MediaScene.swift */ = {isa = PBXFileReference; fileEncoding = 4; lastKnownFileType = sourcecode.swift; path = MediaScene.swift; sourceTree = "<group>"; };
		BF54E080225DABD100574817 /* MediaStatistics.swift */ = {isa = PBXFileReference; fileEncoding = 4; lastKnownFileType = sourcecode.swift; path = MediaStatistics.swift; sourceTree = "<group>"; };
		BF54E081225DABD100574817 /* MediaEmbed.swift */ = {isa = PBXFileReference; fileEncoding = 4; lastKnownFileType = sourcecode.swift; path = MediaEmbed.swift; sourceTree = "<group>"; };
		BF54E082225DABD100574817 /* MediaText.swift */ = {isa = PBXFileReference; fileEncoding = 4; lastKnownFileType = sourcecode.swift; path = MediaText.swift; sourceTree = "<group>"; };
		BF54E083225DABD100574817 /* MediaCategory.swift */ = {isa = PBXFileReference; fileEncoding = 4; lastKnownFileType = sourcecode.swift; path = MediaCategory.swift; sourceTree = "<group>"; };
		BF54E084225DABD100574817 /* MediaStatus.swift */ = {isa = PBXFileReference; fileEncoding = 4; lastKnownFileType = sourcecode.swift; path = MediaStatus.swift; sourceTree = "<group>"; };
		BF54E085225DABD100574817 /* MediaStarRating.swift */ = {isa = PBXFileReference; fileEncoding = 4; lastKnownFileType = sourcecode.swift; path = MediaStarRating.swift; sourceTree = "<group>"; };
		BF54E086225DABD100574817 /* MediaThumbnail.swift */ = {isa = PBXFileReference; fileEncoding = 4; lastKnownFileType = sourcecode.swift; path = MediaThumbnail.swift; sourceTree = "<group>"; };
		BF54E087225DABD100574817 /* MediaPlayer.swift */ = {isa = PBXFileReference; fileEncoding = 4; lastKnownFileType = sourcecode.swift; path = MediaPlayer.swift; sourceTree = "<group>"; };
		BF54E089225DABD100574817 /* JSONFeed.swift */ = {isa = PBXFileReference; fileEncoding = 4; lastKnownFileType = sourcecode.swift; path = JSONFeed.swift; sourceTree = "<group>"; };
		BF54E08A225DABD100574817 /* JSONFeedAttachment.swift */ = {isa = PBXFileReference; fileEncoding = 4; lastKnownFileType = sourcecode.swift; path = JSONFeedAttachment.swift; sourceTree = "<group>"; };
		BF54E08B225DABD100574817 /* JSONFeedHub.swift */ = {isa = PBXFileReference; fileEncoding = 4; lastKnownFileType = sourcecode.swift; path = JSONFeedHub.swift; sourceTree = "<group>"; };
		BF54E08C225DABD100574817 /* JSONFeedItem.swift */ = {isa = PBXFileReference; fileEncoding = 4; lastKnownFileType = sourcecode.swift; path = JSONFeedItem.swift; sourceTree = "<group>"; };
		BF54E08D225DABD100574817 /* JSONFeedAuthor.swift */ = {isa = PBXFileReference; fileEncoding = 4; lastKnownFileType = sourcecode.swift; path = JSONFeedAuthor.swift; sourceTree = "<group>"; };
		BF54E08F225DABD100574817 /* FeedDataType.swift */ = {isa = PBXFileReference; fileEncoding = 4; lastKnownFileType = sourcecode.swift; path = FeedDataType.swift; sourceTree = "<group>"; };
		BF54E090225DABD100574817 /* XMLFeedType.swift */ = {isa = PBXFileReference; fileEncoding = 4; lastKnownFileType = sourcecode.swift; path = XMLFeedType.swift; sourceTree = "<group>"; };
		BF54E091225DABD100574817 /* ParserError.swift */ = {isa = PBXFileReference; fileEncoding = 4; lastKnownFileType = sourcecode.swift; path = ParserError.swift; sourceTree = "<group>"; };
		BF54E092225DABD100574817 /* JSONFeedParser.swift */ = {isa = PBXFileReference; fileEncoding = 4; lastKnownFileType = sourcecode.swift; path = JSONFeedParser.swift; sourceTree = "<group>"; };
		BF54E093225DABD100574817 /* Result.swift */ = {isa = PBXFileReference; fileEncoding = 4; lastKnownFileType = sourcecode.swift; path = Result.swift; sourceTree = "<group>"; };
		BF54E094225DABD100574817 /* FeedParser.swift */ = {isa = PBXFileReference; fileEncoding = 4; lastKnownFileType = sourcecode.swift; path = FeedParser.swift; sourceTree = "<group>"; };
		BF54E095225DABD100574817 /* XMLFeedParser.swift */ = {isa = PBXFileReference; fileEncoding = 4; lastKnownFileType = sourcecode.swift; path = XMLFeedParser.swift; sourceTree = "<group>"; };
		BF54E096225DABD100574817 /* FeedParserProtocol.swift */ = {isa = PBXFileReference; fileEncoding = 4; lastKnownFileType = sourcecode.swift; path = FeedParserProtocol.swift; sourceTree = "<group>"; };
		BF54E098225DABD100574817 /* URL + replacingScheme.swift */ = {isa = PBXFileReference; fileEncoding = 4; lastKnownFileType = sourcecode.swift; path = "URL + replacingScheme.swift"; sourceTree = "<group>"; };
		BF54E099225DABD100574817 /* String + toDuration.swift */ = {isa = PBXFileReference; fileEncoding = 4; lastKnownFileType = sourcecode.swift; path = "String + toDuration.swift"; sourceTree = "<group>"; };
		BF54E09A225DABD100574817 /* Array + Equatable.swift */ = {isa = PBXFileReference; fileEncoding = 4; lastKnownFileType = sourcecode.swift; path = "Array + Equatable.swift"; sourceTree = "<group>"; };
		BF54E09B225DABD100574817 /* Date + codingStrategy.swift */ = {isa = PBXFileReference; fileEncoding = 4; lastKnownFileType = sourcecode.swift; path = "Date + codingStrategy.swift"; sourceTree = "<group>"; };
		BF54E09C225DABD100574817 /* String + toDate.swift */ = {isa = PBXFileReference; fileEncoding = 4; lastKnownFileType = sourcecode.swift; path = "String + toDate.swift"; sourceTree = "<group>"; };
		BF54E09D225DABD100574817 /* String + toBool.swift */ = {isa = PBXFileReference; fileEncoding = 4; lastKnownFileType = sourcecode.swift; path = "String + toBool.swift"; sourceTree = "<group>"; };
		BF54E09E225DABD200574817 /* FeedKit.h */ = {isa = PBXFileReference; fileEncoding = 4; lastKnownFileType = sourcecode.c.h; path = FeedKit.h; sourceTree = "<group>"; };
		BFB49AA4225D847E0098F830 /* YDeals.app */ = {isa = PBXFileReference; explicitFileType = wrapper.application; includeInIndex = 0; path = YDeals.app; sourceTree = BUILT_PRODUCTS_DIR; };
		BFB49AA7225D847E0098F830 /* AppDelegate.swift */ = {isa = PBXFileReference; lastKnownFileType = sourcecode.swift; path = AppDelegate.swift; sourceTree = "<group>"; };
		BFB49AA9225D847E0098F830 /* ViewController.swift */ = {isa = PBXFileReference; lastKnownFileType = sourcecode.swift; path = ViewController.swift; sourceTree = "<group>"; };
		BFB49AAC225D847E0098F830 /* Base */ = {isa = PBXFileReference; lastKnownFileType = file.storyboard; name = Base; path = Base.lproj/Main.storyboard; sourceTree = "<group>"; };
		BFB49AAE225D84810098F830 /* Assets.xcassets */ = {isa = PBXFileReference; lastKnownFileType = folder.assetcatalog; path = Assets.xcassets; sourceTree = "<group>"; };
		BFB49AB3225D84810098F830 /* Info.plist */ = {isa = PBXFileReference; lastKnownFileType = text.plist.xml; path = Info.plist; sourceTree = "<group>"; };
		BFB49AB8225D84810098F830 /* YDealsTests.xctest */ = {isa = PBXFileReference; explicitFileType = wrapper.cfbundle; includeInIndex = 0; path = YDealsTests.xctest; sourceTree = BUILT_PRODUCTS_DIR; };
		BFB49ABC225D84810098F830 /* YDealsTests.swift */ = {isa = PBXFileReference; lastKnownFileType = sourcecode.swift; path = YDealsTests.swift; sourceTree = "<group>"; };
		BFB49ABE225D84810098F830 /* Info.plist */ = {isa = PBXFileReference; lastKnownFileType = text.plist.xml; path = Info.plist; sourceTree = "<group>"; };
		BFB49AC3225D84810098F830 /* YDealsUITests.xctest */ = {isa = PBXFileReference; explicitFileType = wrapper.cfbundle; includeInIndex = 0; path = YDealsUITests.xctest; sourceTree = BUILT_PRODUCTS_DIR; };
		BFB49AC7225D84810098F830 /* YDealsUITests.swift */ = {isa = PBXFileReference; lastKnownFileType = sourcecode.swift; path = YDealsUITests.swift; sourceTree = "<group>"; };
		BFB49AC9225D84810098F830 /* Info.plist */ = {isa = PBXFileReference; lastKnownFileType = text.plist.xml; path = Info.plist; sourceTree = "<group>"; };
		BFB49AD6225D84CF0098F830 /* TravelDeal.swift */ = {isa = PBXFileReference; lastKnownFileType = sourcecode.swift; path = TravelDeal.swift; sourceTree = "<group>"; };
		BFB49AD8225D85410098F830 /* Feed.swift */ = {isa = PBXFileReference; lastKnownFileType = sourcecode.swift; path = Feed.swift; sourceTree = "<group>"; };
		BFB49ADA225D85550098F830 /* FeedEntry.swift */ = {isa = PBXFileReference; lastKnownFileType = sourcecode.swift; path = FeedEntry.swift; sourceTree = "<group>"; };
		BFB49ADD225D8BC50098F830 /* Serialization.swift */ = {isa = PBXFileReference; lastKnownFileType = sourcecode.swift; path = Serialization.swift; sourceTree = "<group>"; };
		BFB49AE7225D98240098F830 /* Parser.swift */ = {isa = PBXFileReference; lastKnownFileType = sourcecode.swift; path = Parser.swift; sourceTree = "<group>"; };
		BFB49AE9225D98E90098F830 /* FeedkitParser.swift */ = {isa = PBXFileReference; lastKnownFileType = sourcecode.swift; path = FeedkitParser.swift; sourceTree = "<group>"; };
		BFD4398B2264621B0009FFA0 /* SpalshScreen.storyboard */ = {isa = PBXFileReference; lastKnownFileType = file.storyboard; path = SpalshScreen.storyboard; sourceTree = "<group>"; };
		BFD4398D2264642D0009FFA0 /* Launch Screen.storyboard */ = {isa = PBXFileReference; lastKnownFileType = file.storyboard; path = "Launch Screen.storyboard"; sourceTree = "<group>"; };
		BFDF92DF2262FC13009076C8 /* EntryDetailsViewController.swift */ = {isa = PBXFileReference; lastKnownFileType = sourcecode.swift; path = EntryDetailsViewController.swift; sourceTree = "<group>"; };
		BFDF92E02262FC13009076C8 /* EntryDetailsViewController.xib */ = {isa = PBXFileReference; lastKnownFileType = file.xib; path = EntryDetailsViewController.xib; sourceTree = "<group>"; };
		BFDF92E322631343009076C8 /* WebKit.framework */ = {isa = PBXFileReference; lastKnownFileType = wrapper.framework; name = WebKit.framework; path = System/Library/Frameworks/WebKit.framework; sourceTree = SDKROOT; };
		BFDF92E72263DD0A009076C8 /* CustomActivityIndicatorView.swift */ = {isa = PBXFileReference; lastKnownFileType = sourcecode.swift; path = CustomActivityIndicatorView.swift; sourceTree = "<group>"; };
		BFDF92E92263DD25009076C8 /* CustomActivityIndicatorView.xib */ = {isa = PBXFileReference; lastKnownFileType = file.xib; path = CustomActivityIndicatorView.xib; sourceTree = "<group>"; };
		BFDF92EC2263FCD8009076C8 /* HtmlTemplate.html */ = {isa = PBXFileReference; lastKnownFileType = text.html; path = HtmlTemplate.html; sourceTree = "<group>"; };
/* End PBXFileReference section */

/* Begin PBXFrameworksBuildPhase section */
		BFB49AA1225D847E0098F830 /* Frameworks */ = {
			isa = PBXFrameworksBuildPhase;
			buildActionMask = 2147483647;
			files = (
				BFDF92E422631343009076C8 /* WebKit.framework in Frameworks */,
			);
			runOnlyForDeploymentPostprocessing = 0;
		};
		BFB49AB5225D84810098F830 /* Frameworks */ = {
			isa = PBXFrameworksBuildPhase;
			buildActionMask = 2147483647;
			files = (
			);
			runOnlyForDeploymentPostprocessing = 0;
		};
		BFB49AC0225D84810098F830 /* Frameworks */ = {
			isa = PBXFrameworksBuildPhase;
			buildActionMask = 2147483647;
			files = (
			);
			runOnlyForDeploymentPostprocessing = 0;
		};
/* End PBXFrameworksBuildPhase section */

/* Begin PBXGroup section */
		91CC03DF2285FE4400DE80DA /* Utilities */ = {
			isa = PBXGroup;
			children = (
				91CC03E02285FE5700DE80DA /* Utilities.swift */,
			);
			path = Utilities;
			sourceTree = "<group>";
		};
		91CC03E4228623B900DE80DA /* Location */ = {
			isa = PBXGroup;
			children = (
				91CC03E5228623D000DE80DA /* LocationHelper.swift */,
			);
			path = Location;
			sourceTree = "<group>";
		};
		BF0AAB562262EA7900506592 /* Logo */ = {
			isa = PBXGroup;
			children = (
				BF0AAB572262EAA500506592 /* LogoView.swift */,
				BF53985522642B6400587CAE /* LogoView.xib */,
			);
			path = Logo;
			sourceTree = "<group>";
		};
		BF3AED32227577130058B5CB /* OnBoarding */ = {
			isa = PBXGroup;
			children = (
				91FC86732284FA8A002E204C /* OnboardingViewController.swift */,
				BF3AED332275776F0058B5CB /* LoginViewController.swift */,
				BF3AED342275776F0058B5CB /* LoginViewController.xib */,
				91FC866B2284F190002E204C /* AllowPushViewController.swift */,
				91FC866C2284F190002E204C /* AllowPushViewController.xib */,
				91FC866F2284F1B7002E204C /* PickAirportViewController.swift */,
				91FC86702284F1B7002E204C /* PickAirportViewController.xib */,
				91CC03E7228646A300DE80DA /* airport.png */,
			);
			path = OnBoarding;
			sourceTree = "<group>";
		};
		BF41AC9B226EDCF500F730CE /* Entity CollectionView Cell */ = {
			isa = PBXGroup;
			children = (
				BF51EBA422628D63001E1017 /* GradientView.swift */,
				BF51EB9B226284A5001E1017 /* EntryCollectionViewCell.swift */,
				BF51EB9C226284A5001E1017 /* EntryCollectionViewCell.xib */,
			);
			path = "Entity CollectionView Cell";
			sourceTree = "<group>";
		};
		BF4C3D42225F0FC10091FF27 /* Presenter */ = {
			isa = PBXGroup;
			children = (
				BF4C3D43225F0FDE0091FF27 /* FeedPresenter.swift */,
				BF4C3D45225F102E0091FF27 /* Presenter.swift */,
			);
			path = Presenter;
			sourceTree = "<group>";
		};
		BF51EBA12262897D001E1017 /* Entry Collection View */ = {
			isa = PBXGroup;
			children = (
				BF0AAB4E2262E1B100506592 /* InfiniteCollectionView.swift */,
				BF51EB9F22628620001E1017 /* EntryCollectionViewDataSource.swift */,
				BF51EBA2226289AC001E1017 /* EntryCollectionViewDelegate.swift */,
			);
			path = "Entry Collection View";
			sourceTree = "<group>";
		};
		BF51EBA62262A2BA001E1017 /* Extensions */ = {
			isa = PBXGroup;
			children = (
				BF51EBA72262A2CF001E1017 /* StringExtensions.swift */,
				BF0AAB522262E66C00506592 /* OffsetIndexableSequence.swift */,
				BF0AAB542262E6A100506592 /* OffsetIndexableCollection.swift */,
				BF51EBA92262C0D8001E1017 /* UIImageViewExtensions.swift */,
				BF0AAB502262E34C00506592 /* UIColor.swift */,
			);
			path = Extensions;
			sourceTree = "<group>";
		};
		BF53985722643F4C00587CAE /* SplashScreen */ = {
			isa = PBXGroup;
			children = (
				BF53985822643F9300587CAE /* SpalshScreenViewController.swift */,
				BFD4398B2264621B0009FFA0 /* SpalshScreen.storyboard */,
			);
			path = SplashScreen;
			sourceTree = "<group>";
		};
		BF54E032225DABD100574817 /* FeedKit */ = {
			isa = PBXGroup;
			children = (
				BF54E033225DABD100574817 /* Dates */,
				BF54E038225DABD100574817 /* Models */,
				BF54E08E225DABD100574817 /* Parser */,
				BF54E097225DABD100574817 /* Extensions */,
			);
			path = FeedKit;
			sourceTree = "<group>";
		};
		BF54E033225DABD100574817 /* Dates */ = {
			isa = PBXGroup;
			children = (
				BF54E034225DABD100574817 /* DateSpec.swift */,
				BF54E035225DABD100574817 /* RFC3339DateFormatter.swift */,
				BF54E036225DABD100574817 /* RFC822DateFormatter.swift */,
				BF54E037225DABD100574817 /* ISO8601DateFormatter.swift */,
			);
			path = Dates;
			sourceTree = "<group>";
		};
		BF54E038225DABD100574817 /* Models */ = {
			isa = PBXGroup;
			children = (
				BF54E039225DABD100574817 /* Atom */,
				BF54E04C225DABD100574817 /* RSS */,
				BF54E05D225DABD100574817 /* Namespaces */,
				BF54E088225DABD100574817 /* JSON */,
			);
			path = Models;
			sourceTree = "<group>";
		};
		BF54E039225DABD100574817 /* Atom */ = {
			isa = PBXGroup;
			children = (
				BF54E03A225DABD100574817 /* AtomFeedGenerator.swift */,
				BF54E03B225DABD100574817 /* AtomFeedEntryContent.swift */,
				BF54E03C225DABD100574817 /* AtomFeed.swift */,
				BF54E03D225DABD100574817 /* AtomFeedEntryContributor.swift */,
				BF54E03E225DABD100574817 /* AtomFeedEntryCategory.swift */,
				BF54E03F225DABD100574817 /* AtomFeedContributor.swift */,
				BF54E040225DABD100574817 /* AtomFeedCategory.swift */,
				BF54E041225DABD100574817 /* AtomFeedEntrySummary.swift */,
				BF54E042225DABD100574817 /* AtomPath.swift */,
				BF54E043225DABD100574817 /* AtomFeedAuthor.swift */,
				BF54E044225DABD100574817 /* AtomFeed + mapCharacters.swift */,
				BF54E045225DABD100574817 /* AtomFeedEntrySource.swift */,
				BF54E046225DABD100574817 /* AtomFeedLink.swift */,
				BF54E047225DABD100574817 /* AtomFeedEntryAuthor.swift */,
				BF54E048225DABD100574817 /* AtomFeedEntryLink.swift */,
				BF54E049225DABD100574817 /* AtomFeed + mapAttributes.swift */,
				BF54E04A225DABD100574817 /* AtomFeedSubtitle.swift */,
				BF54E04B225DABD100574817 /* AtomFeedEntry.swift */,
			);
			path = Atom;
			sourceTree = "<group>";
		};
		BF54E04C225DABD100574817 /* RSS */ = {
			isa = PBXGroup;
			children = (
				BF54E04D225DABD100574817 /* RSSFeed + mapCharacters.swift */,
				BF54E04E225DABD100574817 /* RSSFeedCategory.swift */,
				BF54E04F225DABD100574817 /* RDFPath.swift */,
				BF54E050225DABD100574817 /* RSSFeedItem.swift */,
				BF54E051225DABD100574817 /* RSSFeed + mapAttributes.swift */,
				BF54E052225DABD100574817 /* RSSFeedImage.swift */,
				BF54E053225DABD100574817 /* RSSFeedSkipDay.swift */,
				BF54E054225DABD100574817 /* RSSFeedItemGUID.swift */,
				BF54E055225DABD100574817 /* RSSFeedSkipHour.swift */,
				BF54E056225DABD100574817 /* RSSFeedCloud.swift */,
				BF54E057225DABD100574817 /* RSSFeedItemCategory.swift */,
				BF54E058225DABD100574817 /* RSSPath.swift */,
				BF54E059225DABD100574817 /* RSSFeedTextInput.swift */,
				BF54E05A225DABD100574817 /* RSSFeedItemEnclosure.swift */,
				BF54E05B225DABD100574817 /* RSSFeedItemSource.swift */,
				BF54E05C225DABD100574817 /* RSSFeed.swift */,
			);
			path = RSS;
			sourceTree = "<group>";
		};
		BF54E05D225DABD100574817 /* Namespaces */ = {
			isa = PBXGroup;
			children = (
				BF54E05E225DABD100574817 /* Syndication */,
				BF54E061225DABD100574817 /* iTunes */,
				BF54E067225DABD100574817 /* Content */,
				BF54E069225DABD100574817 /* Dublin Core */,
				BF54E06B225DABD100574817 /* Media */,
			);
			path = Namespaces;
			sourceTree = "<group>";
		};
		BF54E05E225DABD100574817 /* Syndication */ = {
			isa = PBXGroup;
			children = (
				BF54E05F225DABD100574817 /* SyndicationUpdatePeriod.swift */,
				BF54E060225DABD100574817 /* SyndicationNamespace.swift */,
			);
			path = Syndication;
			sourceTree = "<group>";
		};
		BF54E061225DABD100574817 /* iTunes */ = {
			isa = PBXGroup;
			children = (
				BF54E062225DABD100574817 /* iTunesCategory.swift */,
				BF54E063225DABD100574817 /* iTunesImage.swift */,
				BF54E064225DABD100574817 /* iTunesNamespace.swift */,
				BF54E065225DABD100574817 /* iTunesSubCategory.swift */,
				BF54E066225DABD100574817 /* iTunesOwner.swift */,
			);
			path = iTunes;
			sourceTree = "<group>";
		};
		BF54E067225DABD100574817 /* Content */ = {
			isa = PBXGroup;
			children = (
				BF54E068225DABD100574817 /* ContentNamespace.swift */,
			);
			path = Content;
			sourceTree = "<group>";
		};
		BF54E069225DABD100574817 /* Dublin Core */ = {
			isa = PBXGroup;
			children = (
				BF54E06A225DABD100574817 /* DublinCoreNamespace.swift */,
			);
			path = "Dublin Core";
			sourceTree = "<group>";
		};
		BF54E06B225DABD100574817 /* Media */ = {
			isa = PBXGroup;
			children = (
				BF54E06C225DABD100574817 /* MediaLicence.swift */,
				BF54E06D225DABD100574817 /* MediaCredit.swift */,
				BF54E06E225DABD100574817 /* MediaHash.swift */,
				BF54E06F225DABD100574817 /* MediaTitle.swift */,
				BF54E070225DABD100574817 /* MediaNamespace.swift */,
				BF54E071225DABD100574817 /* MediaRating.swift */,
				BF54E072225DABD100574817 /* MediaRights.swift */,
				BF54E073225DABD100574817 /* MediaContent.swift */,
				BF54E074225DABD100574817 /* MediaTag.swift */,
				BF54E075225DABD100574817 /* MediaSubTitle.swift */,
				BF54E076225DABD100574817 /* MediaLocation.swift */,
				BF54E077225DABD100574817 /* MediaGroup.swift */,
				BF54E078225DABD100574817 /* MediaCommunity.swift */,
				BF54E079225DABD100574817 /* MediaPrice.swift */,
				BF54E07A225DABD100574817 /* MediaPeerLink.swift */,
				BF54E07B225DABD100574817 /* MediaCopyright.swift */,
				BF54E07C225DABD100574817 /* MediaRestriction.swift */,
				BF54E07D225DABD100574817 /* MediaDescription.swift */,
				BF54E07E225DABD100574817 /* MediaParam.swift */,
				BF54E07F225DABD100574817 /* MediaScene.swift */,
				BF54E080225DABD100574817 /* MediaStatistics.swift */,
				BF54E081225DABD100574817 /* MediaEmbed.swift */,
				BF54E082225DABD100574817 /* MediaText.swift */,
				BF54E083225DABD100574817 /* MediaCategory.swift */,
				BF54E084225DABD100574817 /* MediaStatus.swift */,
				BF54E085225DABD100574817 /* MediaStarRating.swift */,
				BF54E086225DABD100574817 /* MediaThumbnail.swift */,
				BF54E087225DABD100574817 /* MediaPlayer.swift */,
			);
			path = Media;
			sourceTree = "<group>";
		};
		BF54E088225DABD100574817 /* JSON */ = {
			isa = PBXGroup;
			children = (
				BF54E089225DABD100574817 /* JSONFeed.swift */,
				BF54E08A225DABD100574817 /* JSONFeedAttachment.swift */,
				BF54E08B225DABD100574817 /* JSONFeedHub.swift */,
				BF54E08C225DABD100574817 /* JSONFeedItem.swift */,
				BF54E08D225DABD100574817 /* JSONFeedAuthor.swift */,
			);
			path = JSON;
			sourceTree = "<group>";
		};
		BF54E08E225DABD100574817 /* Parser */ = {
			isa = PBXGroup;
			children = (
				BF54E08F225DABD100574817 /* FeedDataType.swift */,
				BF54E090225DABD100574817 /* XMLFeedType.swift */,
				BF54E091225DABD100574817 /* ParserError.swift */,
				BF54E092225DABD100574817 /* JSONFeedParser.swift */,
				BF54E093225DABD100574817 /* Result.swift */,
				BF54E094225DABD100574817 /* FeedParser.swift */,
				BF54E095225DABD100574817 /* XMLFeedParser.swift */,
				BF54E096225DABD100574817 /* FeedParserProtocol.swift */,
			);
			path = Parser;
			sourceTree = "<group>";
		};
		BF54E097225DABD100574817 /* Extensions */ = {
			isa = PBXGroup;
			children = (
				BF54E098225DABD100574817 /* URL + replacingScheme.swift */,
				BF54E099225DABD100574817 /* String + toDuration.swift */,
				BF54E09A225DABD100574817 /* Array + Equatable.swift */,
				BF54E09B225DABD100574817 /* Date + codingStrategy.swift */,
				BF54E09C225DABD100574817 /* String + toDate.swift */,
				BF54E09D225DABD100574817 /* String + toBool.swift */,
			);
			path = Extensions;
			sourceTree = "<group>";
		};
		BF5511CC225D9E9800B9B217 /* Frameworks */ = {
			isa = PBXGroup;
			children = (
				BFDF92E322631343009076C8 /* WebKit.framework */,
			);
			name = Frameworks;
			sourceTree = "<group>";
		};
		BFB49A9B225D847E0098F830 = {
			isa = PBXGroup;
			children = (
				BFB49AA6225D847E0098F830 /* YDeals */,
				BFB49ABB225D84810098F830 /* YDealsTests */,
				BFB49AC6225D84810098F830 /* YDealsUITests */,
				BFB49AA5225D847E0098F830 /* Products */,
				BF5511CC225D9E9800B9B217 /* Frameworks */,
			);
			sourceTree = "<group>";
		};
		BFB49AA5225D847E0098F830 /* Products */ = {
			isa = PBXGroup;
			children = (
				BFB49AA4225D847E0098F830 /* YDeals.app */,
				BFB49AB8225D84810098F830 /* YDealsTests.xctest */,
				BFB49AC3225D84810098F830 /* YDealsUITests.xctest */,
			);
			name = Products;
			sourceTree = "<group>";
		};
		BFB49AA6225D847E0098F830 /* YDeals */ = {
			isa = PBXGroup;
			children = (
				91CC03E4228623B900DE80DA /* Location */,
				BFB49AE4225D97A70098F830 /* Parser */,
				BFB49ADC225D8BA70098F830 /* Serialization */,
				BFB49AD5225D84B30098F830 /* Models */,
				BF4C3D42225F0FC10091FF27 /* Presenter */,
				BFB49AE3225D96CC0098F830 /* UI */,
				BFB49AE1225D968E0098F830 /* App */,
				BF51EBA62262A2BA001E1017 /* Extensions */,
				91CC03DF2285FE4400DE80DA /* Utilities */,
				BFDF92EB2263FC56009076C8 /* Assets */,
				BFB49AB3225D84810098F830 /* Info.plist */,
				BFB49AAE225D84810098F830 /* Assets.xcassets */,
			);
			path = YDeals;
			sourceTree = "<group>";
		};
		BFB49ABB225D84810098F830 /* YDealsTests */ = {
			isa = PBXGroup;
			children = (
				BFB49ABC225D84810098F830 /* YDealsTests.swift */,
				BFB49ABE225D84810098F830 /* Info.plist */,
			);
			path = YDealsTests;
			sourceTree = "<group>";
		};
		BFB49AC6225D84810098F830 /* YDealsUITests */ = {
			isa = PBXGroup;
			children = (
				BFB49AC7225D84810098F830 /* YDealsUITests.swift */,
				BFB49AC9225D84810098F830 /* Info.plist */,
			);
			path = YDealsUITests;
			sourceTree = "<group>";
		};
		BFB49AD5225D84B30098F830 /* Models */ = {
			isa = PBXGroup;
			children = (
				BFB49AD6225D84CF0098F830 /* TravelDeal.swift */,
				BFB49AD8225D85410098F830 /* Feed.swift */,
				BFB49ADA225D85550098F830 /* FeedEntry.swift */,
			);
			path = Models;
			sourceTree = "<group>";
		};
		BFB49ADC225D8BA70098F830 /* Serialization */ = {
			isa = PBXGroup;
			children = (
				BFB49ADD225D8BC50098F830 /* Serialization.swift */,
			);
			path = Serialization;
			sourceTree = "<group>";
		};
		BFB49AE1225D968E0098F830 /* App */ = {
			isa = PBXGroup;
			children = (
				BFB49AA7225D847E0098F830 /* AppDelegate.swift */,
				91CC03E2228620DC00DE80DA /* AppSettings.swift */,
			);
			path = App;
			sourceTree = "<group>";
		};
		BFB49AE3225D96CC0098F830 /* UI */ = {
			isa = PBXGroup;
			children = (
				BF3AED32227577130058B5CB /* OnBoarding */,
				BF53985722643F4C00587CAE /* SplashScreen */,
				BFDF92E52263DCD1009076C8 /* ActivityIndicator */,
				BF0AAB562262EA7900506592 /* Logo */,
				BFDF92DE2262FBD8009076C8 /* EntryDetailsViewController */,
				BF51EBA12262897D001E1017 /* Entry Collection View */,
				BF41AC9B226EDCF500F730CE /* Entity CollectionView Cell */,
				BF51EB9522628240001E1017 /* BaseViewController.swift */,
				BFB49AA9225D847E0098F830 /* ViewController.swift */,
				BFB49AAB225D847E0098F830 /* Main.storyboard */,
				BFD4398D2264642D0009FFA0 /* Launch Screen.storyboard */,
			);
			path = UI;
			sourceTree = "<group>";
		};
		BFB49AE4225D97A70098F830 /* Parser */ = {
			isa = PBXGroup;
			children = (
				BF54E032225DABD100574817 /* FeedKit */,
				BF54E09E225DABD200574817 /* FeedKit.h */,
				BFB49AE7225D98240098F830 /* Parser.swift */,
				BFB49AE9225D98E90098F830 /* FeedkitParser.swift */,
			);
			path = Parser;
			sourceTree = "<group>";
		};
		BFDF92DE2262FBD8009076C8 /* EntryDetailsViewController */ = {
			isa = PBXGroup;
			children = (
				BFDF92DF2262FC13009076C8 /* EntryDetailsViewController.swift */,
				BFDF92E02262FC13009076C8 /* EntryDetailsViewController.xib */,
			);
			path = EntryDetailsViewController;
			sourceTree = "<group>";
		};
		BFDF92E52263DCD1009076C8 /* ActivityIndicator */ = {
			isa = PBXGroup;
			children = (
				BFDF92E72263DD0A009076C8 /* CustomActivityIndicatorView.swift */,
				BFDF92E92263DD25009076C8 /* CustomActivityIndicatorView.xib */,
			);
			path = ActivityIndicator;
			sourceTree = "<group>";
		};
		BFDF92EB2263FC56009076C8 /* Assets */ = {
			isa = PBXGroup;
			children = (
				BFDF92EC2263FCD8009076C8 /* HtmlTemplate.html */,
			);
			path = Assets;
			sourceTree = "<group>";
		};
/* End PBXGroup section */

/* Begin PBXNativeTarget section */
		BFB49AA3225D847E0098F830 /* YDeals */ = {
			isa = PBXNativeTarget;
			buildConfigurationList = BFB49ACC225D84810098F830 /* Build configuration list for PBXNativeTarget "YDeals" */;
			buildPhases = (
				BFB49AA0225D847E0098F830 /* Sources */,
				BFB49AA1225D847E0098F830 /* Frameworks */,
				BFB49AA2225D847E0098F830 /* Resources */,
			);
			buildRules = (
			);
			dependencies = (
			);
			name = YDeals;
			productName = YDeals;
			productReference = BFB49AA4225D847E0098F830 /* YDeals.app */;
			productType = "com.apple.product-type.application";
		};
		BFB49AB7225D84810098F830 /* YDealsTests */ = {
			isa = PBXNativeTarget;
			buildConfigurationList = BFB49ACF225D84810098F830 /* Build configuration list for PBXNativeTarget "YDealsTests" */;
			buildPhases = (
				BFB49AB4225D84810098F830 /* Sources */,
				BFB49AB5225D84810098F830 /* Frameworks */,
				BFB49AB6225D84810098F830 /* Resources */,
			);
			buildRules = (
			);
			dependencies = (
				BFB49ABA225D84810098F830 /* PBXTargetDependency */,
			);
			name = YDealsTests;
			productName = YDealsTests;
			productReference = BFB49AB8225D84810098F830 /* YDealsTests.xctest */;
			productType = "com.apple.product-type.bundle.unit-test";
		};
		BFB49AC2225D84810098F830 /* YDealsUITests */ = {
			isa = PBXNativeTarget;
			buildConfigurationList = BFB49AD2225D84810098F830 /* Build configuration list for PBXNativeTarget "YDealsUITests" */;
			buildPhases = (
				BFB49ABF225D84810098F830 /* Sources */,
				BFB49AC0225D84810098F830 /* Frameworks */,
				BFB49AC1225D84810098F830 /* Resources */,
			);
			buildRules = (
			);
			dependencies = (
				BFB49AC5225D84810098F830 /* PBXTargetDependency */,
			);
			name = YDealsUITests;
			productName = YDealsUITests;
			productReference = BFB49AC3225D84810098F830 /* YDealsUITests.xctest */;
			productType = "com.apple.product-type.bundle.ui-testing";
		};
/* End PBXNativeTarget section */

/* Begin PBXProject section */
		BFB49A9C225D847E0098F830 /* Project object */ = {
			isa = PBXProject;
			attributes = {
				LastSwiftUpdateCheck = 1010;
				LastUpgradeCheck = 1010;
				ORGANIZATIONNAME = SolidXpert;
				TargetAttributes = {
					BFB49AA3225D847E0098F830 = {
						CreatedOnToolsVersion = 10.1;
						LastSwiftMigration = 1020;
					};
					BFB49AB7225D84810098F830 = {
						CreatedOnToolsVersion = 10.1;
						LastSwiftMigration = 1020;
						TestTargetID = BFB49AA3225D847E0098F830;
					};
					BFB49AC2225D84810098F830 = {
						CreatedOnToolsVersion = 10.1;
						LastSwiftMigration = 1020;
						TestTargetID = BFB49AA3225D847E0098F830;
					};
				};
			};
			buildConfigurationList = BFB49A9F225D847E0098F830 /* Build configuration list for PBXProject "YDeals" */;
			compatibilityVersion = "Xcode 9.3";
			developmentRegion = en;
			hasScannedForEncodings = 0;
			knownRegions = (
				en,
				Base,
			);
			mainGroup = BFB49A9B225D847E0098F830;
			productRefGroup = BFB49AA5225D847E0098F830 /* Products */;
			projectDirPath = "";
			projectRoot = "";
			targets = (
				BFB49AA3225D847E0098F830 /* YDeals */,
				BFB49AB7225D84810098F830 /* YDealsTests */,
				BFB49AC2225D84810098F830 /* YDealsUITests */,
			);
		};
/* End PBXProject section */

/* Begin PBXResourcesBuildPhase section */
		BFB49AA2225D847E0098F830 /* Resources */ = {
			isa = PBXResourcesBuildPhase;
			buildActionMask = 2147483647;
			files = (
				BF3AED362275776F0058B5CB /* LoginViewController.xib in Resources */,
				BFDF92EA2263DD25009076C8 /* CustomActivityIndicatorView.xib in Resources */,
				91CC03E8228646A300DE80DA /* airport.png in Resources */,
				BF53985622642B6400587CAE /* LogoView.xib in Resources */,
				BFDF92E22262FC13009076C8 /* EntryDetailsViewController.xib in Resources */,
				BFD4398E2264642D0009FFA0 /* Launch Screen.storyboard in Resources */,
				BF51EB9E226284A5001E1017 /* EntryCollectionViewCell.xib in Resources */,
				BFB49AAF225D84810098F830 /* Assets.xcassets in Resources */,
				BFDF92EE2263FFB7009076C8 /* HtmlTemplate.html in Resources */,
				91FC866E2284F190002E204C /* AllowPushViewController.xib in Resources */,
				91FC86722284F1B7002E204C /* PickAirportViewController.xib in Resources */,
				BFD4398C2264621B0009FFA0 /* SpalshScreen.storyboard in Resources */,
				BFB49AAD225D847E0098F830 /* Main.storyboard in Resources */,
			);
			runOnlyForDeploymentPostprocessing = 0;
		};
		BFB49AB6225D84810098F830 /* Resources */ = {
			isa = PBXResourcesBuildPhase;
			buildActionMask = 2147483647;
			files = (
			);
			runOnlyForDeploymentPostprocessing = 0;
		};
		BFB49AC1225D84810098F830 /* Resources */ = {
			isa = PBXResourcesBuildPhase;
			buildActionMask = 2147483647;
			files = (
			);
			runOnlyForDeploymentPostprocessing = 0;
		};
/* End PBXResourcesBuildPhase section */

/* Begin PBXSourcesBuildPhase section */
		BFB49AA0225D847E0098F830 /* Sources */ = {
			isa = PBXSourcesBuildPhase;
			buildActionMask = 2147483647;
			files = (
				BFB49AAA225D847E0098F830 /* ViewController.swift in Sources */,
				BF51EBA522628D63001E1017 /* GradientView.swift in Sources */,
				BF54E0CC225DABD200574817 /* ContentNamespace.swift in Sources */,
				BF54E0ED225DABD200574817 /* JSONFeedItem.swift in Sources */,
				BF54E0CD225DABD200574817 /* DublinCoreNamespace.swift in Sources */,
				BF54E0C8225DABD200574817 /* iTunesImage.swift in Sources */,
				BF51EB9622628240001E1017 /* BaseViewController.swift in Sources */,
				BFDF92E12262FC13009076C8 /* EntryDetailsViewController.swift in Sources */,
				BF54E0E5225DABD200574817 /* MediaCategory.swift in Sources */,
				BF54E0D2225DABD200574817 /* MediaNamespace.swift in Sources */,
				BF54E0BB225DABD200574817 /* RSSFeedSkipDay.swift in Sources */,
				BF54E0D3225DABD200574817 /* MediaRating.swift in Sources */,
				BF54E0A4225DABD200574817 /* AtomFeedEntryContent.swift in Sources */,
				BF4C3D46225F102E0091FF27 /* Presenter.swift in Sources */,
				BF54E0C0225DABD200574817 /* RSSPath.swift in Sources */,
				BF54E0D8225DABD200574817 /* MediaLocation.swift in Sources */,
				BF54E0E8225DABD200574817 /* MediaThumbnail.swift in Sources */,
				BF54E0C9225DABD200574817 /* iTunesNamespace.swift in Sources */,
				BF54E0F9225DABD200574817 /* Array + Equatable.swift in Sources */,
				BF54E0B2225DABD200574817 /* AtomFeed + mapAttributes.swift in Sources */,
				BF54E0A8225DABD200574817 /* AtomFeedContributor.swift in Sources */,
				BF0AAB4F2262E1B100506592 /* InfiniteCollectionView.swift in Sources */,
				BF54E0BD225DABD200574817 /* RSSFeedSkipHour.swift in Sources */,
				BF54E0BA225DABD200574817 /* RSSFeedImage.swift in Sources */,
				BF54E0F4225DABD200574817 /* FeedParser.swift in Sources */,
				BF54E0C2225DABD200574817 /* RSSFeedItemEnclosure.swift in Sources */,
				BF54E0AC225DABD200574817 /* AtomFeedAuthor.swift in Sources */,
				BF54E0B4225DABD200574817 /* AtomFeedEntry.swift in Sources */,
				BF54E0B9225DABD200574817 /* RSSFeed + mapAttributes.swift in Sources */,
				BF54E0D9225DABD200574817 /* MediaGroup.swift in Sources */,
				BF54E0CB225DABD200574817 /* iTunesOwner.swift in Sources */,
				BF54E0A3225DABD200574817 /* AtomFeedGenerator.swift in Sources */,
				BF54E0B1225DABD200574817 /* AtomFeedEntryLink.swift in Sources */,
				BF54E0DE225DABD200574817 /* MediaRestriction.swift in Sources */,
				BF54E0FC225DABD200574817 /* String + toBool.swift in Sources */,
				BF54E0C3225DABD200574817 /* RSSFeedItemSource.swift in Sources */,
				BF54E0A2225DABD200574817 /* ISO8601DateFormatter.swift in Sources */,
				BF54E0D5225DABD200574817 /* MediaContent.swift in Sources */,
				BF54E0BF225DABD200574817 /* RSSFeedItemCategory.swift in Sources */,
				BF0AAB552262E6A100506592 /* OffsetIndexableCollection.swift in Sources */,
				BFB49AD9225D85410098F830 /* Feed.swift in Sources */,
				BF54E0CF225DABD200574817 /* MediaCredit.swift in Sources */,
				BF54E0F0225DABD200574817 /* XMLFeedType.swift in Sources */,
				BF54E0C4225DABD200574817 /* RSSFeed.swift in Sources */,
				BF53985A22643F9300587CAE /* SpalshScreenViewController.swift in Sources */,
				BF54E0B7225DABD200574817 /* RDFPath.swift in Sources */,
				BF51EB9D226284A5001E1017 /* EntryCollectionViewCell.swift in Sources */,
				BF54E0E1225DABD200574817 /* MediaScene.swift in Sources */,
				91CC03E3228620DC00DE80DA /* AppSettings.swift in Sources */,
				BF54E0F6225DABD200574817 /* FeedParserProtocol.swift in Sources */,
				BFB49AD7225D84CF0098F830 /* TravelDeal.swift in Sources */,
				BF54E0D1225DABD200574817 /* MediaTitle.swift in Sources */,
				BF54E0E2225DABD200574817 /* MediaStatistics.swift in Sources */,
				BF54E0EF225DABD200574817 /* FeedDataType.swift in Sources */,
				BF54E0A5225DABD200574817 /* AtomFeed.swift in Sources */,
				BF54E0C1225DABD200574817 /* RSSFeedTextInput.swift in Sources */,
				BF54E0C7225DABD200574817 /* iTunesCategory.swift in Sources */,
				BFB49ADB225D85550098F830 /* FeedEntry.swift in Sources */,
				BF54E0AD225DABD200574817 /* AtomFeed + mapCharacters.swift in Sources */,
				BF54E0A1225DABD200574817 /* RFC822DateFormatter.swift in Sources */,
				BF54E0E9225DABD200574817 /* MediaPlayer.swift in Sources */,
				BF54E0D6225DABD200574817 /* MediaTag.swift in Sources */,
				BF54E0E7225DABD200574817 /* MediaStarRating.swift in Sources */,
				BF0AAB532262E66C00506592 /* OffsetIndexableSequence.swift in Sources */,
				91FC86712284F1B7002E204C /* PickAirportViewController.swift in Sources */,
				BF54E0EE225DABD200574817 /* JSONFeedAuthor.swift in Sources */,
				BF54E0FA225DABD200574817 /* Date + codingStrategy.swift in Sources */,
				BF54E09F225DABD200574817 /* DateSpec.swift in Sources */,
				BF54E0F5225DABD200574817 /* XMLFeedParser.swift in Sources */,
				BFDF92E82263DD0A009076C8 /* CustomActivityIndicatorView.swift in Sources */,
				BFB49ADE225D8BC50098F830 /* Serialization.swift in Sources */,
				BF54E0EB225DABD200574817 /* JSONFeedAttachment.swift in Sources */,
				BF54E0F3225DABD200574817 /* Result.swift in Sources */,
				BF54E0B5225DABD200574817 /* RSSFeed + mapCharacters.swift in Sources */,
				BF54E0BC225DABD200574817 /* RSSFeedItemGUID.swift in Sources */,
				BF54E0E6225DABD200574817 /* MediaStatus.swift in Sources */,
				BF54E0F8225DABD200574817 /* String + toDuration.swift in Sources */,
				BF54E0DA225DABD200574817 /* MediaCommunity.swift in Sources */,
				BF54E0BE225DABD200574817 /* RSSFeedCloud.swift in Sources */,
				BF54E0DC225DABD200574817 /* MediaPeerLink.swift in Sources */,
				BF51EBA82262A2CF001E1017 /* StringExtensions.swift in Sources */,
				BF54E0D0225DABD200574817 /* MediaHash.swift in Sources */,
				BF54E0B0225DABD200574817 /* AtomFeedEntryAuthor.swift in Sources */,
				BF54E0A6225DABD200574817 /* AtomFeedEntryContributor.swift in Sources */,
				BF54E0A0225DABD200574817 /* RFC3339DateFormatter.swift in Sources */,
				BF54E0CE225DABD200574817 /* MediaLicence.swift in Sources */,
				BF54E0B3225DABD200574817 /* AtomFeedSubtitle.swift in Sources */,
				BF0AAB512262E34C00506592 /* UIColor.swift in Sources */,
				91FC866D2284F190002E204C /* AllowPushViewController.swift in Sources */,
				BF54E0AB225DABD200574817 /* AtomPath.swift in Sources */,
				BF54E0EC225DABD200574817 /* JSONFeedHub.swift in Sources */,
				BF54E0AA225DABD200574817 /* AtomFeedEntrySummary.swift in Sources */,
				BF54E0E0225DABD200574817 /* MediaParam.swift in Sources */,
				BF54E0E3225DABD200574817 /* MediaEmbed.swift in Sources */,
				BFB49AA8225D847E0098F830 /* AppDelegate.swift in Sources */,
				BF54E0A7225DABD200574817 /* AtomFeedEntryCategory.swift in Sources */,
				91CC03E6228623D000DE80DA /* LocationHelper.swift in Sources */,
				BF54E0DB225DABD200574817 /* MediaPrice.swift in Sources */,
				BF54E0F7225DABD200574817 /* URL + replacingScheme.swift in Sources */,
				BF54E0CA225DABD200574817 /* iTunesSubCategory.swift in Sources */,
				BF54E0C6225DABD200574817 /* SyndicationNamespace.swift in Sources */,
				BF54E0B6225DABD200574817 /* RSSFeedCategory.swift in Sources */,
				BF54E0D7225DABD200574817 /* MediaSubTitle.swift in Sources */,
				91CC03E12285FE5700DE80DA /* Utilities.swift in Sources */,
				BF54E0AE225DABD200574817 /* AtomFeedEntrySource.swift in Sources */,
				BF54E0AF225DABD200574817 /* AtomFeedLink.swift in Sources */,
				BF54E0FB225DABD200574817 /* String + toDate.swift in Sources */,
				BF54E0F1225DABD200574817 /* ParserError.swift in Sources */,
				BF54E0DF225DABD200574817 /* MediaDescription.swift in Sources */,
				BF54E0EA225DABD200574817 /* JSONFeed.swift in Sources */,
				BFB49AE8225D98240098F830 /* Parser.swift in Sources */,
				BF51EBA3226289AC001E1017 /* EntryCollectionViewDelegate.swift in Sources */,
				BF54E0D4225DABD200574817 /* MediaRights.swift in Sources */,
				BF3AED352275776F0058B5CB /* LoginViewController.swift in Sources */,
				BF0AAB582262EAA500506592 /* LogoView.swift in Sources */,
				BFB49AEA225D98E90098F830 /* FeedkitParser.swift in Sources */,
				BF54E0F2225DABD200574817 /* JSONFeedParser.swift in Sources */,
				BF54E0E4225DABD200574817 /* MediaText.swift in Sources */,
				91FC86742284FA8A002E204C /* OnboardingViewController.swift in Sources */,
				BF54E0C5225DABD200574817 /* SyndicationUpdatePeriod.swift in Sources */,
				BF51EBA022628620001E1017 /* EntryCollectionViewDataSource.swift in Sources */,
				BF4C3D44225F0FDE0091FF27 /* FeedPresenter.swift in Sources */,
				BF54E0DD225DABD200574817 /* MediaCopyright.swift in Sources */,
				BF54E0A9225DABD200574817 /* AtomFeedCategory.swift in Sources */,
				BF51EBAA2262C0D8001E1017 /* UIImageViewExtensions.swift in Sources */,
				BF54E0B8225DABD200574817 /* RSSFeedItem.swift in Sources */,
			);
			runOnlyForDeploymentPostprocessing = 0;
		};
		BFB49AB4225D84810098F830 /* Sources */ = {
			isa = PBXSourcesBuildPhase;
			buildActionMask = 2147483647;
			files = (
				BFB49ABD225D84810098F830 /* YDealsTests.swift in Sources */,
			);
			runOnlyForDeploymentPostprocessing = 0;
		};
		BFB49ABF225D84810098F830 /* Sources */ = {
			isa = PBXSourcesBuildPhase;
			buildActionMask = 2147483647;
			files = (
				BFB49AC8225D84810098F830 /* YDealsUITests.swift in Sources */,
			);
			runOnlyForDeploymentPostprocessing = 0;
		};
/* End PBXSourcesBuildPhase section */

/* Begin PBXTargetDependency section */
		BFB49ABA225D84810098F830 /* PBXTargetDependency */ = {
			isa = PBXTargetDependency;
			target = BFB49AA3225D847E0098F830 /* YDeals */;
			targetProxy = BFB49AB9225D84810098F830 /* PBXContainerItemProxy */;
		};
		BFB49AC5225D84810098F830 /* PBXTargetDependency */ = {
			isa = PBXTargetDependency;
			target = BFB49AA3225D847E0098F830 /* YDeals */;
			targetProxy = BFB49AC4225D84810098F830 /* PBXContainerItemProxy */;
		};
/* End PBXTargetDependency section */

/* Begin PBXVariantGroup section */
		BFB49AAB225D847E0098F830 /* Main.storyboard */ = {
			isa = PBXVariantGroup;
			children = (
				BFB49AAC225D847E0098F830 /* Base */,
			);
			name = Main.storyboard;
			sourceTree = "<group>";
		};
/* End PBXVariantGroup section */

/* Begin XCBuildConfiguration section */
		BFB49ACA225D84810098F830 /* Debug */ = {
			isa = XCBuildConfiguration;
			buildSettings = {
				ALWAYS_SEARCH_USER_PATHS = NO;
				CLANG_ANALYZER_NONNULL = YES;
				CLANG_ANALYZER_NUMBER_OBJECT_CONVERSION = YES_AGGRESSIVE;
				CLANG_CXX_LANGUAGE_STANDARD = "gnu++14";
				CLANG_CXX_LIBRARY = "libc++";
				CLANG_ENABLE_MODULES = YES;
				CLANG_ENABLE_OBJC_ARC = YES;
				CLANG_ENABLE_OBJC_WEAK = YES;
				CLANG_WARN_BLOCK_CAPTURE_AUTORELEASING = YES;
				CLANG_WARN_BOOL_CONVERSION = YES;
				CLANG_WARN_COMMA = YES;
				CLANG_WARN_CONSTANT_CONVERSION = YES;
				CLANG_WARN_DEPRECATED_OBJC_IMPLEMENTATIONS = YES;
				CLANG_WARN_DIRECT_OBJC_ISA_USAGE = YES_ERROR;
				CLANG_WARN_DOCUMENTATION_COMMENTS = YES;
				CLANG_WARN_EMPTY_BODY = YES;
				CLANG_WARN_ENUM_CONVERSION = YES;
				CLANG_WARN_INFINITE_RECURSION = YES;
				CLANG_WARN_INT_CONVERSION = YES;
				CLANG_WARN_NON_LITERAL_NULL_CONVERSION = YES;
				CLANG_WARN_OBJC_IMPLICIT_RETAIN_SELF = YES;
				CLANG_WARN_OBJC_LITERAL_CONVERSION = YES;
				CLANG_WARN_OBJC_ROOT_CLASS = YES_ERROR;
				CLANG_WARN_RANGE_LOOP_ANALYSIS = YES;
				CLANG_WARN_STRICT_PROTOTYPES = YES;
				CLANG_WARN_SUSPICIOUS_MOVE = YES;
				CLANG_WARN_UNGUARDED_AVAILABILITY = YES_AGGRESSIVE;
				CLANG_WARN_UNREACHABLE_CODE = YES;
				CLANG_WARN__DUPLICATE_METHOD_MATCH = YES;
				CODE_SIGN_IDENTITY = "iPhone Developer";
				COPY_PHASE_STRIP = NO;
				DEBUG_INFORMATION_FORMAT = dwarf;
				ENABLE_STRICT_OBJC_MSGSEND = YES;
				ENABLE_TESTABILITY = YES;
				GCC_C_LANGUAGE_STANDARD = gnu11;
				GCC_DYNAMIC_NO_PIC = NO;
				GCC_NO_COMMON_BLOCKS = YES;
				GCC_OPTIMIZATION_LEVEL = 0;
				GCC_PREPROCESSOR_DEFINITIONS = (
					"DEBUG=1",
					"$(inherited)",
				);
				GCC_WARN_64_TO_32_BIT_CONVERSION = YES;
				GCC_WARN_ABOUT_RETURN_TYPE = YES_ERROR;
				GCC_WARN_UNDECLARED_SELECTOR = YES;
				GCC_WARN_UNINITIALIZED_AUTOS = YES_AGGRESSIVE;
				GCC_WARN_UNUSED_FUNCTION = YES;
				GCC_WARN_UNUSED_VARIABLE = YES;
				IPHONEOS_DEPLOYMENT_TARGET = 12.1;
				MTL_ENABLE_DEBUG_INFO = INCLUDE_SOURCE;
				MTL_FAST_MATH = YES;
				ONLY_ACTIVE_ARCH = YES;
				SDKROOT = iphoneos;
				SWIFT_ACTIVE_COMPILATION_CONDITIONS = DEBUG;
				SWIFT_OPTIMIZATION_LEVEL = "-Onone";
			};
			name = Debug;
		};
		BFB49ACB225D84810098F830 /* Release */ = {
			isa = XCBuildConfiguration;
			buildSettings = {
				ALWAYS_SEARCH_USER_PATHS = NO;
				CLANG_ANALYZER_NONNULL = YES;
				CLANG_ANALYZER_NUMBER_OBJECT_CONVERSION = YES_AGGRESSIVE;
				CLANG_CXX_LANGUAGE_STANDARD = "gnu++14";
				CLANG_CXX_LIBRARY = "libc++";
				CLANG_ENABLE_MODULES = YES;
				CLANG_ENABLE_OBJC_ARC = YES;
				CLANG_ENABLE_OBJC_WEAK = YES;
				CLANG_WARN_BLOCK_CAPTURE_AUTORELEASING = YES;
				CLANG_WARN_BOOL_CONVERSION = YES;
				CLANG_WARN_COMMA = YES;
				CLANG_WARN_CONSTANT_CONVERSION = YES;
				CLANG_WARN_DEPRECATED_OBJC_IMPLEMENTATIONS = YES;
				CLANG_WARN_DIRECT_OBJC_ISA_USAGE = YES_ERROR;
				CLANG_WARN_DOCUMENTATION_COMMENTS = YES;
				CLANG_WARN_EMPTY_BODY = YES;
				CLANG_WARN_ENUM_CONVERSION = YES;
				CLANG_WARN_INFINITE_RECURSION = YES;
				CLANG_WARN_INT_CONVERSION = YES;
				CLANG_WARN_NON_LITERAL_NULL_CONVERSION = YES;
				CLANG_WARN_OBJC_IMPLICIT_RETAIN_SELF = YES;
				CLANG_WARN_OBJC_LITERAL_CONVERSION = YES;
				CLANG_WARN_OBJC_ROOT_CLASS = YES_ERROR;
				CLANG_WARN_RANGE_LOOP_ANALYSIS = YES;
				CLANG_WARN_STRICT_PROTOTYPES = YES;
				CLANG_WARN_SUSPICIOUS_MOVE = YES;
				CLANG_WARN_UNGUARDED_AVAILABILITY = YES_AGGRESSIVE;
				CLANG_WARN_UNREACHABLE_CODE = YES;
				CLANG_WARN__DUPLICATE_METHOD_MATCH = YES;
				CODE_SIGN_IDENTITY = "iPhone Developer";
				COPY_PHASE_STRIP = NO;
				DEBUG_INFORMATION_FORMAT = "dwarf-with-dsym";
				ENABLE_NS_ASSERTIONS = NO;
				ENABLE_STRICT_OBJC_MSGSEND = YES;
				GCC_C_LANGUAGE_STANDARD = gnu11;
				GCC_NO_COMMON_BLOCKS = YES;
				GCC_WARN_64_TO_32_BIT_CONVERSION = YES;
				GCC_WARN_ABOUT_RETURN_TYPE = YES_ERROR;
				GCC_WARN_UNDECLARED_SELECTOR = YES;
				GCC_WARN_UNINITIALIZED_AUTOS = YES_AGGRESSIVE;
				GCC_WARN_UNUSED_FUNCTION = YES;
				GCC_WARN_UNUSED_VARIABLE = YES;
				IPHONEOS_DEPLOYMENT_TARGET = 12.1;
				MTL_ENABLE_DEBUG_INFO = NO;
				MTL_FAST_MATH = YES;
				SDKROOT = iphoneos;
				SWIFT_COMPILATION_MODE = wholemodule;
				SWIFT_OPTIMIZATION_LEVEL = "-O";
				VALIDATE_PRODUCT = YES;
			};
			name = Release;
		};
		BFB49ACD225D84810098F830 /* Debug */ = {
			isa = XCBuildConfiguration;
			buildSettings = {
				ALWAYS_EMBED_SWIFT_STANDARD_LIBRARIES = NO;
				APPLICATION_EXTENSION_API_ONLY = NO;
				ASSETCATALOG_COMPILER_APPICON_NAME = AppIcon;
				CODE_SIGN_STYLE = Manual;
				DEVELOPMENT_TEAM = 55XL3SK93H;
				FRAMEWORK_SEARCH_PATHS = (
					"$(inherited)",
					"$(PROJECT_DIR)",
				);
				HEADER_SEARCH_PATHS = "";
				INFOPLIST_FILE = YDeals/Info.plist;
				LD_RUNPATH_SEARCH_PATHS = (
					"$(inherited)",
					"@executable_path/Frameworks",
					"$(SRCROOT)",
				);
				PRODUCT_BUNDLE_IDENTIFIER = com.solidxpert.YTravelApps.YDeals;
				PRODUCT_NAME = "$(TARGET_NAME)";
				PROVISIONING_PROFILE_SPECIFIER = "YDeals - Dev";
				SWIFT_VERSION = 5.0;
				TARGETED_DEVICE_FAMILY = "1,2";
			};
			name = Debug;
		};
		BFB49ACE225D84810098F830 /* Release */ = {
			isa = XCBuildConfiguration;
			buildSettings = {
				ALWAYS_EMBED_SWIFT_STANDARD_LIBRARIES = NO;
				APPLICATION_EXTENSION_API_ONLY = NO;
				ASSETCATALOG_COMPILER_APPICON_NAME = AppIcon;
				CODE_SIGN_IDENTITY = "iPhone Developer";
				CODE_SIGN_STYLE = Manual;
				DEVELOPMENT_TEAM = 55XL3SK93H;
				FRAMEWORK_SEARCH_PATHS = (
					"$(inherited)",
					"$(PROJECT_DIR)",
				);
				HEADER_SEARCH_PATHS = "";
				INFOPLIST_FILE = YDeals/Info.plist;
				LD_RUNPATH_SEARCH_PATHS = (
					"$(inherited)",
					"@executable_path/Frameworks",
					"$(SRCROOT)",
				);
				PRODUCT_BUNDLE_IDENTIFIER = com.solidxpert.YTravelApps.YDeals;
				PRODUCT_NAME = "$(TARGET_NAME)";
				PROVISIONING_PROFILE_SPECIFIER = "YDeals - Dev";
				SWIFT_VERSION = 5.0;
				TARGETED_DEVICE_FAMILY = "1,2";
			};
			name = Release;
		};
		BFB49AD0225D84810098F830 /* Debug */ = {
			isa = XCBuildConfiguration;
			buildSettings = {
				ALWAYS_EMBED_SWIFT_STANDARD_LIBRARIES = YES;
				BUNDLE_LOADER = "$(TEST_HOST)";
				CODE_SIGN_STYLE = Automatic;
				DEVELOPMENT_TEAM = 8W352RU4GA;
				INFOPLIST_FILE = YDealsTests/Info.plist;
				LD_RUNPATH_SEARCH_PATHS = (
					"$(inherited)",
					"@executable_path/Frameworks",
					"@loader_path/Frameworks",
				);
				PRODUCT_BUNDLE_IDENTIFIER = com.solidxpert.YDealsTests;
				PRODUCT_NAME = "$(TARGET_NAME)";
				SWIFT_VERSION = 5.0;
				TARGETED_DEVICE_FAMILY = "1,2";
				TEST_HOST = "$(BUILT_PRODUCTS_DIR)/YDeals.app/YDeals";
			};
			name = Debug;
		};
		BFB49AD1225D84810098F830 /* Release */ = {
			isa = XCBuildConfiguration;
			buildSettings = {
				ALWAYS_EMBED_SWIFT_STANDARD_LIBRARIES = YES;
				BUNDLE_LOADER = "$(TEST_HOST)";
				CODE_SIGN_STYLE = Automatic;
				DEVELOPMENT_TEAM = 8W352RU4GA;
				INFOPLIST_FILE = YDealsTests/Info.plist;
				LD_RUNPATH_SEARCH_PATHS = (
					"$(inherited)",
					"@executable_path/Frameworks",
					"@loader_path/Frameworks",
				);
				PRODUCT_BUNDLE_IDENTIFIER = com.solidxpert.YDealsTests;
				PRODUCT_NAME = "$(TARGET_NAME)";
				SWIFT_VERSION = 5.0;
				TARGETED_DEVICE_FAMILY = "1,2";
				TEST_HOST = "$(BUILT_PRODUCTS_DIR)/YDeals.app/YDeals";
			};
			name = Release;
		};
		BFB49AD3225D84810098F830 /* Debug */ = {
			isa = XCBuildConfiguration;
			buildSettings = {
				ALWAYS_EMBED_SWIFT_STANDARD_LIBRARIES = YES;
				CODE_SIGN_STYLE = Automatic;
				DEVELOPMENT_TEAM = 8W352RU4GA;
				INFOPLIST_FILE = YDealsUITests/Info.plist;
				LD_RUNPATH_SEARCH_PATHS = (
					"$(inherited)",
					"@executable_path/Frameworks",
					"@loader_path/Frameworks",
				);
				PRODUCT_BUNDLE_IDENTIFIER = com.solidxpert.YDealsUITests;
				PRODUCT_NAME = "$(TARGET_NAME)";
				SWIFT_VERSION = 5.0;
				TARGETED_DEVICE_FAMILY = "1,2";
				TEST_TARGET_NAME = YDeals;
			};
			name = Debug;
		};
		BFB49AD4225D84810098F830 /* Release */ = {
			isa = XCBuildConfiguration;
			buildSettings = {
				ALWAYS_EMBED_SWIFT_STANDARD_LIBRARIES = YES;
				CODE_SIGN_STYLE = Automatic;
				DEVELOPMENT_TEAM = 8W352RU4GA;
				INFOPLIST_FILE = YDealsUITests/Info.plist;
				LD_RUNPATH_SEARCH_PATHS = (
					"$(inherited)",
					"@executable_path/Frameworks",
					"@loader_path/Frameworks",
				);
				PRODUCT_BUNDLE_IDENTIFIER = com.solidxpert.YDealsUITests;
				PRODUCT_NAME = "$(TARGET_NAME)";
				SWIFT_VERSION = 5.0;
				TARGETED_DEVICE_FAMILY = "1,2";
				TEST_TARGET_NAME = YDeals;
			};
			name = Release;
		};
/* End XCBuildConfiguration section */

/* Begin XCConfigurationList section */
		BFB49A9F225D847E0098F830 /* Build configuration list for PBXProject "YDeals" */ = {
			isa = XCConfigurationList;
			buildConfigurations = (
				BFB49ACA225D84810098F830 /* Debug */,
				BFB49ACB225D84810098F830 /* Release */,
			);
			defaultConfigurationIsVisible = 0;
			defaultConfigurationName = Release;
		};
		BFB49ACC225D84810098F830 /* Build configuration list for PBXNativeTarget "YDeals" */ = {
			isa = XCConfigurationList;
			buildConfigurations = (
				BFB49ACD225D84810098F830 /* Debug */,
				BFB49ACE225D84810098F830 /* Release */,
			);
			defaultConfigurationIsVisible = 0;
			defaultConfigurationName = Release;
		};
		BFB49ACF225D84810098F830 /* Build configuration list for PBXNativeTarget "YDealsTests" */ = {
			isa = XCConfigurationList;
			buildConfigurations = (
				BFB49AD0225D84810098F830 /* Debug */,
				BFB49AD1225D84810098F830 /* Release */,
			);
			defaultConfigurationIsVisible = 0;
			defaultConfigurationName = Release;
		};
		BFB49AD2225D84810098F830 /* Build configuration list for PBXNativeTarget "YDealsUITests" */ = {
			isa = XCConfigurationList;
			buildConfigurations = (
				BFB49AD3225D84810098F830 /* Debug */,
				BFB49AD4225D84810098F830 /* Release */,
			);
			defaultConfigurationIsVisible = 0;
			defaultConfigurationName = Release;
		};
/* End XCConfigurationList section */
	};
	rootObject = BFB49A9C225D847E0098F830 /* Project object */;
}
